
Microsoft Visual Studio Solution File, Format Version 12.00
# Visual Studio 15
VisualStudioVersion = 15.0.26124.0
MinimumVisualStudioVersion = 15.0.26124.0
Project("{FAE04EC0-301F-11D3-BF4B-00C04F79EFBC}") = "Penguin.Cms.Modules.Dynamic.Local", "Penguin.Cms.Modules.Dynamic.Local.csproj", "{7027FDA4-5442-4B27-9B4C-475C63FD50ED}"
EndProject
Project("{FAE04EC0-301F-11D3-BF4B-00C04F79EFBC}") = "Penguin.Cms.Entities.Local", "..\Penguin.Cms.Entities\Penguin.Cms.Entities.Local.csproj", "{C022D5DC-F1CB-4CF9-9F70-E301130BCF1F}"
EndProject
Project("{FAE04EC0-301F-11D3-BF4B-00C04F79EFBC}") = "Penguin.Persistence.Abstractions.Local", "..\Penguin.Persistence.Abstractions\Penguin.Persistence.Abstractions.Local.csproj", "{87A4957E-F23D-4DA8-A34C-D067D40FD4ED}"
EndProject
Project("{FAE04EC0-301F-11D3-BF4B-00C04F79EFBC}") = "Penguin.Entities.Abstractions.Local", "..\Penguin.Entities.Abstractions\Penguin.Entities.Abstractions.Local.csproj", "{9E8A6B21-BE22-4626-AA30-A27B2CB01515}"
EndProject
Project("{FAE04EC0-301F-11D3-BF4B-00C04F79EFBC}") = "Penguin.Reflection.Extensions.Local", "..\Penguin.Reflection.Extensions\Penguin.Reflection.Extensions.Local.csproj", "{838B619B-5D92-4A67-AA20-239531B69BF2}"
EndProject
Project("{FAE04EC0-301F-11D3-BF4B-00C04F79EFBC}") = "Penguin.Extensions.String.Local", "..\Penguin.Extensions.String\Penguin.Extensions.String.Local.csproj", "{05956589-6BB0-4900-AC82-04E924CF5144}"
EndProject
Project("{FAE04EC0-301F-11D3-BF4B-00C04F79EFBC}") = "Penguin.Reflection.Abstractions.Local", "..\Penguin.Reflection.Abstractions\Penguin.Reflection.Abstractions.Local.csproj", "{4F66BFE7-EAD9-45F3-A373-B011F636A3AD}"
EndProject
Project("{FAE04EC0-301F-11D3-BF4B-00C04F79EFBC}") = "Penguin.Cms.Errors.Local", "..\Penguin.Cms.Errors\Penguin.Cms.Errors.Local.csproj", "{24C1869F-D4F2-4A2F-B7F5-2D4BF9B89ADE}"
EndProject
Project("{FAE04EC0-301F-11D3-BF4B-00C04F79EFBC}") = "Penguin.Auditing.Abstractions.Local", "..\Penguin.Auditing.Abstractions\Penguin.Auditing.Abstractions.Local.csproj", "{6C786A26-FB6B-46AD-A5D1-118AF0574332}"
EndProject
Project("{FAE04EC0-301F-11D3-BF4B-00C04F79EFBC}") = "Penguin.Extensions.Exceptions.Local", "..\Penguin.Extensions.Exceptions\Penguin.Extensions.Exceptions.Local.csproj", "{DCC1EB14-E40F-42CE-B449-751E66B650B9}"
EndProject
Project("{FAE04EC0-301F-11D3-BF4B-00C04F79EFBC}") = "Penguin.Cms.Modules.Admin.Local", "..\Penguin.Cms.Modules.Admin\Penguin.Cms.Modules.Admin.Local.csproj", "{B26FA01F-3DEB-43A3-B3A4-E80A576EACC6}"
EndProject
Project("{FAE04EC0-301F-11D3-BF4B-00C04F79EFBC}") = "Penguin.Cms.Modules.Core.Local", "..\Penguin.Cms.Modules.Core\Penguin.Cms.Modules.Core.Local.csproj", "{F5DB135D-D35C-40F5-A86D-283D191A6570}"
EndProject
Project("{FAE04EC0-301F-11D3-BF4B-00C04F79EFBC}") = "Penguin.Cms.Abstractions.Local", "..\Penguin.Cms.Abstractions\Penguin.Cms.Abstractions.Local.csproj", "{8545B189-A375-44FE-B7CB-C7DC55AC6CDF}"
EndProject
Project("{FAE04EC0-301F-11D3-BF4B-00C04F79EFBC}") = "Penguin.DependencyInjection.Abstractions.Local", "..\Penguin.DependencyInjection.Abstractions\Penguin.DependencyInjection.Abstractions.Local.csproj", "{C39A0BB6-D830-411A-A8CD-3A167FF33640}"
EndProject
Project("{FAE04EC0-301F-11D3-BF4B-00C04F79EFBC}") = "Penguin.Cms.Core.Local", "..\Penguin.Cms.Core\Penguin.Cms.Core.Local.csproj", "{CAAFDF83-3A9B-420A-B737-B10407E20D2A}"
EndProject
Project("{FAE04EC0-301F-11D3-BF4B-00C04F79EFBC}") = "Penguin.Reflection.Local", "..\Penguin.Reflection\Penguin.Reflection.Local.csproj", "{7AE75A5B-A6EE-4AEE-9B8B-27818BFB8665}"
EndProject
Project("{FAE04EC0-301F-11D3-BF4B-00C04F79EFBC}") = "Penguin.Debugging.Local", "..\Penguin.Debugging\Penguin.Debugging.Local.csproj", "{2A8DD57E-614C-4942-B3A4-8C820B39AFC4}"
EndProject
Project("{FAE04EC0-301F-11D3-BF4B-00C04F79EFBC}") = "Penguin.Cms.Web.Local", "..\Penguin.Cms.Web\Penguin.Cms.Web.Local.csproj", "{5627E05F-D756-4EF1-BB11-04A8767FB861}"
EndProject
Project("{FAE04EC0-301F-11D3-BF4B-00C04F79EFBC}") = "Penguin.Configuration.Local", "..\Penguin.Configuration\Penguin.Configuration.Local.csproj", "{F5045BD5-D0B5-4156-9550-8B419F3AEBD0}"
EndProject
Project("{FAE04EC0-301F-11D3-BF4B-00C04F79EFBC}") = "Penguin.Configuration.Abstractions.Local", "..\Penguin.Configuration.Abstractions\Penguin.Configuration.Abstractions.Local.csproj", "{DDDB49C2-8545-4FA1-AD10-63528C84D035}"
EndProject
Project("{FAE04EC0-301F-11D3-BF4B-00C04F79EFBC}") = "Penguin.DependencyInjection.Local", "..\Penguin.DependencyInjection\Penguin.DependencyInjection.Local.csproj", "{BDBD63E1-B194-4DDF-9B89-CE0BD3CB89B6}"
EndProject
Project("{FAE04EC0-301F-11D3-BF4B-00C04F79EFBC}") = "Penguin.Extensions.Collections.Local", "..\Penguin.Extensions.Collections\Penguin.Extensions.Collections.Local.csproj", "{0E0B79C6-93BE-4D33-A719-28A188EC309A}"
EndProject
Project("{FAE04EC0-301F-11D3-BF4B-00C04F79EFBC}") = "Penguin.Files.Local", "..\Penguin.Files\Penguin.Files.Local.csproj", "{AC732C68-B902-4A19-8F91-48EEBBE7594C}"
EndProject
Project("{FAE04EC0-301F-11D3-BF4B-00C04F79EFBC}") = "Penguin.Files.Abstractions.Local", "..\Penguin.Files.Abstractions\Penguin.Files.Abstractions.Local.csproj", "{8725E56F-1B45-4E38-AD85-C89DE05405E5}"
EndProject
Project("{FAE04EC0-301F-11D3-BF4B-00C04F79EFBC}") = "Penguin.Security.Abstractions.Local", "..\Penguin.Security.Abstractions\Penguin.Security.Abstractions.Local.csproj", "{18AD8DB6-988B-4EAB-8E21-7D27E25453D0}"
EndProject
Project("{FAE04EC0-301F-11D3-BF4B-00C04F79EFBC}") = "Penguin.Messaging.Application.Local", "..\Penguin.Messaging.Application\Penguin.Messaging.Application.Local.csproj", "{E5760B5C-4238-4888-A863-783D78980438}"
EndProject
Project("{FAE04EC0-301F-11D3-BF4B-00C04F79EFBC}") = "Penguin.Messaging.Abstractions.Local", "..\Penguin.Messaging.Abstractions\Penguin.Messaging.Abstractions.Local.csproj", "{E5697609-7DCF-42B6-A30D-9D3617B0AAB5}"
EndProject
Project("{FAE04EC0-301F-11D3-BF4B-00C04F79EFBC}") = "Penguin.Messaging.Core.Local", "..\Penguin.Messaging.Core\Penguin.Messaging.Core.Local.csproj", "{012022CD-3DFE-4D47-A98C-A26EA66D40B9}"
EndProject
Project("{FAE04EC0-301F-11D3-BF4B-00C04F79EFBC}") = "Penguin.Persistence.Database.Local", "..\Penguin.Persistence.Database\Penguin.Persistence.Database.Local.csproj", "{D4353BFF-DA7C-4A5B-B142-5C72408734FE}"
EndProject
Project("{FAE04EC0-301F-11D3-BF4B-00C04F79EFBC}") = "Penguin.Threading.BackgroundWorker.Local", "..\Penguin.Threading.BackgroundWorker\Penguin.Threading.BackgroundWorker.Local.csproj", "{CCD31393-1BAC-4586-B43D-62F652A2FC8D}"
EndProject
Project("{FAE04EC0-301F-11D3-BF4B-00C04F79EFBC}") = "Penguin.Persistence.Repositories.Local", "..\Penguin.Persistence.Repositories\Penguin.Persistence.Repositories.Local.csproj", "{B9DB9EF4-4DD8-43FA-80E5-B3B11690B98D}"
EndProject
Project("{FAE04EC0-301F-11D3-BF4B-00C04F79EFBC}") = "Penguin.Messaging.Persistence.Local", "..\Penguin.Messaging.Persistence\Penguin.Messaging.Persistence.Local.csproj", "{AE3DAAF6-5C8B-4110-998C-83BF3D99A553}"
EndProject
Project("{FAE04EC0-301F-11D3-BF4B-00C04F79EFBC}") = "Penguin.Reflection.Serialization.Local", "..\Penguin.Reflection.Serialization\Penguin.Reflection.Serialization.Local.csproj", "{3A1DDD70-F8B4-4367-9703-F6EBD4DBF669}"
EndProject
Project("{FAE04EC0-301F-11D3-BF4B-00C04F79EFBC}") = "Penguin.Reflection.Serialization.Abstractions.Local", "..\Penguin.Reflection.Serialization.Abstractions\Penguin.Reflection.Serialization.Abstractions.Local.csproj", "{2535ABFB-29E9-41CF-A5F5-288789F2571A}"
EndProject
Project("{FAE04EC0-301F-11D3-BF4B-00C04F79EFBC}") = "Penguin.Reflection.Serialization.Extensions.Local", "..\Penguin.Reflection.Serialization.Extensions\Penguin.Reflection.Serialization.Extensions.Local.csproj", "{E8AE7F7D-6FC7-4AAA-9054-EAC400E40E1A}"
EndProject
Project("{FAE04EC0-301F-11D3-BF4B-00C04F79EFBC}") = "Penguin.Templating.Abstractions.Local", "..\Penguin.Templating.Abstractions\Penguin.Templating.Abstractions.Local.csproj", "{9FA0DB85-4453-458D-8164-B89A227A93D6}"
EndProject
Project("{FAE04EC0-301F-11D3-BF4B-00C04F79EFBC}") = "Penguin.Testing.Local", "..\Penguin.Testing\Penguin.Testing.Local.csproj", "{293CF5C6-23FA-462B-85A7-192DBC77558A}"
EndProject
Project("{FAE04EC0-301F-11D3-BF4B-00C04F79EFBC}") = "Penguin.Web.Abstractions.Local", "..\Penguin.Web.Abstractions\Penguin.Web.Abstractions.Local.csproj", "{95F03E64-8DD3-43DA-9DF8-D72A4D825443}"
EndProject
Project("{FAE04EC0-301F-11D3-BF4B-00C04F79EFBC}") = "Penguin.Web.DependencyInjection.Local", "..\Penguin.Web.DependencyInjection\Penguin.Web.DependencyInjection.Local.csproj", "{A6F042AC-9415-4022-94AF-2743B102AFB7}"
EndProject
Project("{FAE04EC0-301F-11D3-BF4B-00C04F79EFBC}") = "Penguin.Web.Testing.Local", "..\Penguin.Web.Testing\Penguin.Web.Testing.Local.csproj", "{3E075530-BE1F-4B7B-ADD2-5E1E9229767B}"
EndProject
Project("{FAE04EC0-301F-11D3-BF4B-00C04F79EFBC}") = "Penguin.Web.Errors.Local", "..\Penguin.Web.Errors\Penguin.Web.Errors.Local.csproj", "{F96E0054-E1CE-47BB-9228-5518F817F9BF}"
EndProject
Project("{FAE04EC0-301F-11D3-BF4B-00C04F79EFBC}") = "Penguin.Web.Mvc.Local", "..\Penguin.Web.Mvc\Penguin.Web.Mvc.Local.csproj", "{06178832-C589-4D9B-BB43-2DC7A8FC5787}"
EndProject
Project("{FAE04EC0-301F-11D3-BF4B-00C04F79EFBC}") = "Penguin.Web.Mvc.Abstractions.Local", "..\Penguin.Web.Mvc.Abstractions\Penguin.Web.Mvc.Abstractions.Local.csproj", "{ECAC0371-9384-428E-A64B-42FCB442E564}"
EndProject
Project("{FAE04EC0-301F-11D3-BF4B-00C04F79EFBC}") = "Penguin.Navigation.Abstractions.Local", "..\Penguin.Navigation.Abstractions\Penguin.Navigation.Abstractions.Local.csproj", "{F9C7281D-B61E-4AE2-9CC1-C16540C86D58}"
EndProject
Project("{FAE04EC0-301F-11D3-BF4B-00C04F79EFBC}") = "Penguin.Web.Security.Local", "..\Penguin.Web.Security\Penguin.Web.Security.Local.csproj", "{13072087-CCA9-4CC5-A4B1-7F4DE1918442}"
EndProject
Project("{FAE04EC0-301F-11D3-BF4B-00C04F79EFBC}") = "Penguin.Cms.Repositories.Local", "..\Penguin.Cms.Repositories\Penguin.Cms.Repositories.Local.csproj", "{A0CECC77-662A-4C3E-997A-E7171FB7A68E}"
EndProject
Project("{FAE04EC0-301F-11D3-BF4B-00C04F79EFBC}") = "Penguin.Shared.Objects.Local", "..\Penguin.Shared.Objects\Penguin.Shared.Objects.Local.csproj", "{8D9F208A-A86E-4B64-B730-F352FC267681}"
EndProject
Project("{FAE04EC0-301F-11D3-BF4B-00C04F79EFBC}") = "Penguin.Web.Dynamic.Local", "..\Penguin.Web.Dynamic\Penguin.Web.Dynamic.Local.csproj", "{E05F2339-B4E3-467E-9447-ECD3D56B326D}"
EndProject
Global
	GlobalSection(SolutionConfigurationPlatforms) = preSolution
		Debug|Any CPU = Debug|Any CPU
		Debug|x64 = Debug|x64
		Debug|x86 = Debug|x86
		Release|Any CPU = Release|Any CPU
		Release|x64 = Release|x64
		Release|x86 = Release|x86
	EndGlobalSection
	GlobalSection(SolutionProperties) = preSolution
		HideSolutionNode = FALSE
	EndGlobalSection
	GlobalSection(ProjectConfigurationPlatforms) = postSolution
		{7027FDA4-5442-4B27-9B4C-475C63FD50ED}.Debug|Any CPU.ActiveCfg = Debug|Any CPU
		{7027FDA4-5442-4B27-9B4C-475C63FD50ED}.Debug|Any CPU.Build.0 = Debug|Any CPU
		{7027FDA4-5442-4B27-9B4C-475C63FD50ED}.Debug|x64.ActiveCfg = Debug|Any CPU
		{7027FDA4-5442-4B27-9B4C-475C63FD50ED}.Debug|x64.Build.0 = Debug|Any CPU
		{7027FDA4-5442-4B27-9B4C-475C63FD50ED}.Debug|x86.ActiveCfg = Debug|Any CPU
		{7027FDA4-5442-4B27-9B4C-475C63FD50ED}.Debug|x86.Build.0 = Debug|Any CPU
		{7027FDA4-5442-4B27-9B4C-475C63FD50ED}.Release|Any CPU.ActiveCfg = Release|Any CPU
		{7027FDA4-5442-4B27-9B4C-475C63FD50ED}.Release|Any CPU.Build.0 = Release|Any CPU
		{7027FDA4-5442-4B27-9B4C-475C63FD50ED}.Release|x64.ActiveCfg = Release|Any CPU
		{7027FDA4-5442-4B27-9B4C-475C63FD50ED}.Release|x64.Build.0 = Release|Any CPU
		{7027FDA4-5442-4B27-9B4C-475C63FD50ED}.Release|x86.ActiveCfg = Release|Any CPU
		{7027FDA4-5442-4B27-9B4C-475C63FD50ED}.Release|x86.Build.0 = Release|Any CPU
		{C022D5DC-F1CB-4CF9-9F70-E301130BCF1F}.Debug|Any CPU.ActiveCfg = Debug|Any CPU
		{C022D5DC-F1CB-4CF9-9F70-E301130BCF1F}.Debug|Any CPU.Build.0 = Debug|Any CPU
		{C022D5DC-F1CB-4CF9-9F70-E301130BCF1F}.Debug|x64.ActiveCfg = Debug|Any CPU
		{C022D5DC-F1CB-4CF9-9F70-E301130BCF1F}.Debug|x64.Build.0 = Debug|Any CPU
		{C022D5DC-F1CB-4CF9-9F70-E301130BCF1F}.Debug|x86.ActiveCfg = Debug|Any CPU
		{C022D5DC-F1CB-4CF9-9F70-E301130BCF1F}.Debug|x86.Build.0 = Debug|Any CPU
		{C022D5DC-F1CB-4CF9-9F70-E301130BCF1F}.Release|Any CPU.ActiveCfg = Release|Any CPU
		{C022D5DC-F1CB-4CF9-9F70-E301130BCF1F}.Release|Any CPU.Build.0 = Release|Any CPU
		{C022D5DC-F1CB-4CF9-9F70-E301130BCF1F}.Release|x64.ActiveCfg = Release|Any CPU
		{C022D5DC-F1CB-4CF9-9F70-E301130BCF1F}.Release|x64.Build.0 = Release|Any CPU
		{C022D5DC-F1CB-4CF9-9F70-E301130BCF1F}.Release|x86.ActiveCfg = Release|Any CPU
		{C022D5DC-F1CB-4CF9-9F70-E301130BCF1F}.Release|x86.Build.0 = Release|Any CPU
		{87A4957E-F23D-4DA8-A34C-D067D40FD4ED}.Debug|Any CPU.ActiveCfg = Debug|Any CPU
		{87A4957E-F23D-4DA8-A34C-D067D40FD4ED}.Debug|Any CPU.Build.0 = Debug|Any CPU
		{87A4957E-F23D-4DA8-A34C-D067D40FD4ED}.Debug|x64.ActiveCfg = Debug|Any CPU
		{87A4957E-F23D-4DA8-A34C-D067D40FD4ED}.Debug|x64.Build.0 = Debug|Any CPU
		{87A4957E-F23D-4DA8-A34C-D067D40FD4ED}.Debug|x86.ActiveCfg = Debug|Any CPU
		{87A4957E-F23D-4DA8-A34C-D067D40FD4ED}.Debug|x86.Build.0 = Debug|Any CPU
		{87A4957E-F23D-4DA8-A34C-D067D40FD4ED}.Release|Any CPU.ActiveCfg = Release|Any CPU
		{87A4957E-F23D-4DA8-A34C-D067D40FD4ED}.Release|Any CPU.Build.0 = Release|Any CPU
		{87A4957E-F23D-4DA8-A34C-D067D40FD4ED}.Release|x64.ActiveCfg = Release|Any CPU
		{87A4957E-F23D-4DA8-A34C-D067D40FD4ED}.Release|x64.Build.0 = Release|Any CPU
		{87A4957E-F23D-4DA8-A34C-D067D40FD4ED}.Release|x86.ActiveCfg = Release|Any CPU
		{87A4957E-F23D-4DA8-A34C-D067D40FD4ED}.Release|x86.Build.0 = Release|Any CPU
		{9E8A6B21-BE22-4626-AA30-A27B2CB01515}.Debug|Any CPU.ActiveCfg = Debug|Any CPU
		{9E8A6B21-BE22-4626-AA30-A27B2CB01515}.Debug|Any CPU.Build.0 = Debug|Any CPU
		{9E8A6B21-BE22-4626-AA30-A27B2CB01515}.Debug|x64.ActiveCfg = Debug|Any CPU
		{9E8A6B21-BE22-4626-AA30-A27B2CB01515}.Debug|x64.Build.0 = Debug|Any CPU
		{9E8A6B21-BE22-4626-AA30-A27B2CB01515}.Debug|x86.ActiveCfg = Debug|Any CPU
		{9E8A6B21-BE22-4626-AA30-A27B2CB01515}.Debug|x86.Build.0 = Debug|Any CPU
		{9E8A6B21-BE22-4626-AA30-A27B2CB01515}.Release|Any CPU.ActiveCfg = Release|Any CPU
		{9E8A6B21-BE22-4626-AA30-A27B2CB01515}.Release|Any CPU.Build.0 = Release|Any CPU
		{9E8A6B21-BE22-4626-AA30-A27B2CB01515}.Release|x64.ActiveCfg = Release|Any CPU
		{9E8A6B21-BE22-4626-AA30-A27B2CB01515}.Release|x64.Build.0 = Release|Any CPU
		{9E8A6B21-BE22-4626-AA30-A27B2CB01515}.Release|x86.ActiveCfg = Release|Any CPU
		{9E8A6B21-BE22-4626-AA30-A27B2CB01515}.Release|x86.Build.0 = Release|Any CPU
		{838B619B-5D92-4A67-AA20-239531B69BF2}.Debug|Any CPU.ActiveCfg = Debug|Any CPU
		{838B619B-5D92-4A67-AA20-239531B69BF2}.Debug|Any CPU.Build.0 = Debug|Any CPU
		{838B619B-5D92-4A67-AA20-239531B69BF2}.Debug|x64.ActiveCfg = Debug|Any CPU
		{838B619B-5D92-4A67-AA20-239531B69BF2}.Debug|x64.Build.0 = Debug|Any CPU
		{838B619B-5D92-4A67-AA20-239531B69BF2}.Debug|x86.ActiveCfg = Debug|Any CPU
		{838B619B-5D92-4A67-AA20-239531B69BF2}.Debug|x86.Build.0 = Debug|Any CPU
		{838B619B-5D92-4A67-AA20-239531B69BF2}.Release|Any CPU.ActiveCfg = Release|Any CPU
		{838B619B-5D92-4A67-AA20-239531B69BF2}.Release|Any CPU.Build.0 = Release|Any CPU
		{838B619B-5D92-4A67-AA20-239531B69BF2}.Release|x64.ActiveCfg = Release|Any CPU
		{838B619B-5D92-4A67-AA20-239531B69BF2}.Release|x64.Build.0 = Release|Any CPU
		{838B619B-5D92-4A67-AA20-239531B69BF2}.Release|x86.ActiveCfg = Release|Any CPU
		{838B619B-5D92-4A67-AA20-239531B69BF2}.Release|x86.Build.0 = Release|Any CPU
		{05956589-6BB0-4900-AC82-04E924CF5144}.Debug|Any CPU.ActiveCfg = Debug|Any CPU
		{05956589-6BB0-4900-AC82-04E924CF5144}.Debug|Any CPU.Build.0 = Debug|Any CPU
		{05956589-6BB0-4900-AC82-04E924CF5144}.Debug|x64.ActiveCfg = Debug|Any CPU
		{05956589-6BB0-4900-AC82-04E924CF5144}.Debug|x64.Build.0 = Debug|Any CPU
		{05956589-6BB0-4900-AC82-04E924CF5144}.Debug|x86.ActiveCfg = Debug|Any CPU
		{05956589-6BB0-4900-AC82-04E924CF5144}.Debug|x86.Build.0 = Debug|Any CPU
		{05956589-6BB0-4900-AC82-04E924CF5144}.Release|Any CPU.ActiveCfg = Release|Any CPU
		{05956589-6BB0-4900-AC82-04E924CF5144}.Release|Any CPU.Build.0 = Release|Any CPU
		{05956589-6BB0-4900-AC82-04E924CF5144}.Release|x64.ActiveCfg = Release|Any CPU
		{05956589-6BB0-4900-AC82-04E924CF5144}.Release|x64.Build.0 = Release|Any CPU
		{05956589-6BB0-4900-AC82-04E924CF5144}.Release|x86.ActiveCfg = Release|Any CPU
		{05956589-6BB0-4900-AC82-04E924CF5144}.Release|x86.Build.0 = Release|Any CPU
		{4F66BFE7-EAD9-45F3-A373-B011F636A3AD}.Debug|Any CPU.ActiveCfg = Debug|Any CPU
		{4F66BFE7-EAD9-45F3-A373-B011F636A3AD}.Debug|Any CPU.Build.0 = Debug|Any CPU
		{4F66BFE7-EAD9-45F3-A373-B011F636A3AD}.Debug|x64.ActiveCfg = Debug|Any CPU
		{4F66BFE7-EAD9-45F3-A373-B011F636A3AD}.Debug|x64.Build.0 = Debug|Any CPU
		{4F66BFE7-EAD9-45F3-A373-B011F636A3AD}.Debug|x86.ActiveCfg = Debug|Any CPU
		{4F66BFE7-EAD9-45F3-A373-B011F636A3AD}.Debug|x86.Build.0 = Debug|Any CPU
		{4F66BFE7-EAD9-45F3-A373-B011F636A3AD}.Release|Any CPU.ActiveCfg = Release|Any CPU
		{4F66BFE7-EAD9-45F3-A373-B011F636A3AD}.Release|Any CPU.Build.0 = Release|Any CPU
		{4F66BFE7-EAD9-45F3-A373-B011F636A3AD}.Release|x64.ActiveCfg = Release|Any CPU
		{4F66BFE7-EAD9-45F3-A373-B011F636A3AD}.Release|x64.Build.0 = Release|Any CPU
		{4F66BFE7-EAD9-45F3-A373-B011F636A3AD}.Release|x86.ActiveCfg = Release|Any CPU
		{4F66BFE7-EAD9-45F3-A373-B011F636A3AD}.Release|x86.Build.0 = Release|Any CPU
		{24C1869F-D4F2-4A2F-B7F5-2D4BF9B89ADE}.Debug|Any CPU.ActiveCfg = Debug|Any CPU
		{24C1869F-D4F2-4A2F-B7F5-2D4BF9B89ADE}.Debug|Any CPU.Build.0 = Debug|Any CPU
		{24C1869F-D4F2-4A2F-B7F5-2D4BF9B89ADE}.Debug|x64.ActiveCfg = Debug|Any CPU
		{24C1869F-D4F2-4A2F-B7F5-2D4BF9B89ADE}.Debug|x64.Build.0 = Debug|Any CPU
		{24C1869F-D4F2-4A2F-B7F5-2D4BF9B89ADE}.Debug|x86.ActiveCfg = Debug|Any CPU
		{24C1869F-D4F2-4A2F-B7F5-2D4BF9B89ADE}.Debug|x86.Build.0 = Debug|Any CPU
		{24C1869F-D4F2-4A2F-B7F5-2D4BF9B89ADE}.Release|Any CPU.ActiveCfg = Release|Any CPU
		{24C1869F-D4F2-4A2F-B7F5-2D4BF9B89ADE}.Release|Any CPU.Build.0 = Release|Any CPU
		{24C1869F-D4F2-4A2F-B7F5-2D4BF9B89ADE}.Release|x64.ActiveCfg = Release|Any CPU
		{24C1869F-D4F2-4A2F-B7F5-2D4BF9B89ADE}.Release|x64.Build.0 = Release|Any CPU
		{24C1869F-D4F2-4A2F-B7F5-2D4BF9B89ADE}.Release|x86.ActiveCfg = Release|Any CPU
		{24C1869F-D4F2-4A2F-B7F5-2D4BF9B89ADE}.Release|x86.Build.0 = Release|Any CPU
		{6C786A26-FB6B-46AD-A5D1-118AF0574332}.Debug|Any CPU.ActiveCfg = Debug|Any CPU
		{6C786A26-FB6B-46AD-A5D1-118AF0574332}.Debug|Any CPU.Build.0 = Debug|Any CPU
		{6C786A26-FB6B-46AD-A5D1-118AF0574332}.Debug|x64.ActiveCfg = Debug|Any CPU
		{6C786A26-FB6B-46AD-A5D1-118AF0574332}.Debug|x64.Build.0 = Debug|Any CPU
		{6C786A26-FB6B-46AD-A5D1-118AF0574332}.Debug|x86.ActiveCfg = Debug|Any CPU
		{6C786A26-FB6B-46AD-A5D1-118AF0574332}.Debug|x86.Build.0 = Debug|Any CPU
		{6C786A26-FB6B-46AD-A5D1-118AF0574332}.Release|Any CPU.ActiveCfg = Release|Any CPU
		{6C786A26-FB6B-46AD-A5D1-118AF0574332}.Release|Any CPU.Build.0 = Release|Any CPU
		{6C786A26-FB6B-46AD-A5D1-118AF0574332}.Release|x64.ActiveCfg = Release|Any CPU
		{6C786A26-FB6B-46AD-A5D1-118AF0574332}.Release|x64.Build.0 = Release|Any CPU
		{6C786A26-FB6B-46AD-A5D1-118AF0574332}.Release|x86.ActiveCfg = Release|Any CPU
		{6C786A26-FB6B-46AD-A5D1-118AF0574332}.Release|x86.Build.0 = Release|Any CPU
		{DCC1EB14-E40F-42CE-B449-751E66B650B9}.Debug|Any CPU.ActiveCfg = Debug|Any CPU
		{DCC1EB14-E40F-42CE-B449-751E66B650B9}.Debug|Any CPU.Build.0 = Debug|Any CPU
		{DCC1EB14-E40F-42CE-B449-751E66B650B9}.Debug|x64.ActiveCfg = Debug|Any CPU
		{DCC1EB14-E40F-42CE-B449-751E66B650B9}.Debug|x64.Build.0 = Debug|Any CPU
		{DCC1EB14-E40F-42CE-B449-751E66B650B9}.Debug|x86.ActiveCfg = Debug|Any CPU
		{DCC1EB14-E40F-42CE-B449-751E66B650B9}.Debug|x86.Build.0 = Debug|Any CPU
		{DCC1EB14-E40F-42CE-B449-751E66B650B9}.Release|Any CPU.ActiveCfg = Release|Any CPU
		{DCC1EB14-E40F-42CE-B449-751E66B650B9}.Release|Any CPU.Build.0 = Release|Any CPU
		{DCC1EB14-E40F-42CE-B449-751E66B650B9}.Release|x64.ActiveCfg = Release|Any CPU
		{DCC1EB14-E40F-42CE-B449-751E66B650B9}.Release|x64.Build.0 = Release|Any CPU
		{DCC1EB14-E40F-42CE-B449-751E66B650B9}.Release|x86.ActiveCfg = Release|Any CPU
		{DCC1EB14-E40F-42CE-B449-751E66B650B9}.Release|x86.Build.0 = Release|Any CPU
		{B26FA01F-3DEB-43A3-B3A4-E80A576EACC6}.Debug|Any CPU.ActiveCfg = Debug|Any CPU
		{B26FA01F-3DEB-43A3-B3A4-E80A576EACC6}.Debug|Any CPU.Build.0 = Debug|Any CPU
		{B26FA01F-3DEB-43A3-B3A4-E80A576EACC6}.Debug|x64.ActiveCfg = Debug|Any CPU
		{B26FA01F-3DEB-43A3-B3A4-E80A576EACC6}.Debug|x64.Build.0 = Debug|Any CPU
		{B26FA01F-3DEB-43A3-B3A4-E80A576EACC6}.Debug|x86.ActiveCfg = Debug|Any CPU
		{B26FA01F-3DEB-43A3-B3A4-E80A576EACC6}.Debug|x86.Build.0 = Debug|Any CPU
		{B26FA01F-3DEB-43A3-B3A4-E80A576EACC6}.Release|Any CPU.ActiveCfg = Release|Any CPU
		{B26FA01F-3DEB-43A3-B3A4-E80A576EACC6}.Release|Any CPU.Build.0 = Release|Any CPU
		{B26FA01F-3DEB-43A3-B3A4-E80A576EACC6}.Release|x64.ActiveCfg = Release|Any CPU
		{B26FA01F-3DEB-43A3-B3A4-E80A576EACC6}.Release|x64.Build.0 = Release|Any CPU
		{B26FA01F-3DEB-43A3-B3A4-E80A576EACC6}.Release|x86.ActiveCfg = Release|Any CPU
		{B26FA01F-3DEB-43A3-B3A4-E80A576EACC6}.Release|x86.Build.0 = Release|Any CPU
		{F5DB135D-D35C-40F5-A86D-283D191A6570}.Debug|Any CPU.ActiveCfg = Debug|Any CPU
		{F5DB135D-D35C-40F5-A86D-283D191A6570}.Debug|Any CPU.Build.0 = Debug|Any CPU
		{F5DB135D-D35C-40F5-A86D-283D191A6570}.Debug|x64.ActiveCfg = Debug|Any CPU
		{F5DB135D-D35C-40F5-A86D-283D191A6570}.Debug|x64.Build.0 = Debug|Any CPU
		{F5DB135D-D35C-40F5-A86D-283D191A6570}.Debug|x86.ActiveCfg = Debug|Any CPU
		{F5DB135D-D35C-40F5-A86D-283D191A6570}.Debug|x86.Build.0 = Debug|Any CPU
		{F5DB135D-D35C-40F5-A86D-283D191A6570}.Release|Any CPU.ActiveCfg = Release|Any CPU
		{F5DB135D-D35C-40F5-A86D-283D191A6570}.Release|Any CPU.Build.0 = Release|Any CPU
		{F5DB135D-D35C-40F5-A86D-283D191A6570}.Release|x64.ActiveCfg = Release|Any CPU
		{F5DB135D-D35C-40F5-A86D-283D191A6570}.Release|x64.Build.0 = Release|Any CPU
		{F5DB135D-D35C-40F5-A86D-283D191A6570}.Release|x86.ActiveCfg = Release|Any CPU
		{F5DB135D-D35C-40F5-A86D-283D191A6570}.Release|x86.Build.0 = Release|Any CPU
		{8545B189-A375-44FE-B7CB-C7DC55AC6CDF}.Debug|Any CPU.ActiveCfg = Debug|Any CPU
		{8545B189-A375-44FE-B7CB-C7DC55AC6CDF}.Debug|Any CPU.Build.0 = Debug|Any CPU
		{8545B189-A375-44FE-B7CB-C7DC55AC6CDF}.Debug|x64.ActiveCfg = Debug|Any CPU
		{8545B189-A375-44FE-B7CB-C7DC55AC6CDF}.Debug|x64.Build.0 = Debug|Any CPU
		{8545B189-A375-44FE-B7CB-C7DC55AC6CDF}.Debug|x86.ActiveCfg = Debug|Any CPU
		{8545B189-A375-44FE-B7CB-C7DC55AC6CDF}.Debug|x86.Build.0 = Debug|Any CPU
		{8545B189-A375-44FE-B7CB-C7DC55AC6CDF}.Release|Any CPU.ActiveCfg = Release|Any CPU
		{8545B189-A375-44FE-B7CB-C7DC55AC6CDF}.Release|Any CPU.Build.0 = Release|Any CPU
		{8545B189-A375-44FE-B7CB-C7DC55AC6CDF}.Release|x64.ActiveCfg = Release|Any CPU
		{8545B189-A375-44FE-B7CB-C7DC55AC6CDF}.Release|x64.Build.0 = Release|Any CPU
		{8545B189-A375-44FE-B7CB-C7DC55AC6CDF}.Release|x86.ActiveCfg = Release|Any CPU
		{8545B189-A375-44FE-B7CB-C7DC55AC6CDF}.Release|x86.Build.0 = Release|Any CPU
		{C39A0BB6-D830-411A-A8CD-3A167FF33640}.Debug|Any CPU.ActiveCfg = Debug|Any CPU
		{C39A0BB6-D830-411A-A8CD-3A167FF33640}.Debug|Any CPU.Build.0 = Debug|Any CPU
		{C39A0BB6-D830-411A-A8CD-3A167FF33640}.Debug|x64.ActiveCfg = Debug|Any CPU
		{C39A0BB6-D830-411A-A8CD-3A167FF33640}.Debug|x64.Build.0 = Debug|Any CPU
		{C39A0BB6-D830-411A-A8CD-3A167FF33640}.Debug|x86.ActiveCfg = Debug|Any CPU
		{C39A0BB6-D830-411A-A8CD-3A167FF33640}.Debug|x86.Build.0 = Debug|Any CPU
		{C39A0BB6-D830-411A-A8CD-3A167FF33640}.Release|Any CPU.ActiveCfg = Release|Any CPU
		{C39A0BB6-D830-411A-A8CD-3A167FF33640}.Release|Any CPU.Build.0 = Release|Any CPU
		{C39A0BB6-D830-411A-A8CD-3A167FF33640}.Release|x64.ActiveCfg = Release|Any CPU
		{C39A0BB6-D830-411A-A8CD-3A167FF33640}.Release|x64.Build.0 = Release|Any CPU
		{C39A0BB6-D830-411A-A8CD-3A167FF33640}.Release|x86.ActiveCfg = Release|Any CPU
		{C39A0BB6-D830-411A-A8CD-3A167FF33640}.Release|x86.Build.0 = Release|Any CPU
		{CAAFDF83-3A9B-420A-B737-B10407E20D2A}.Debug|Any CPU.ActiveCfg = Debug|Any CPU
		{CAAFDF83-3A9B-420A-B737-B10407E20D2A}.Debug|Any CPU.Build.0 = Debug|Any CPU
		{CAAFDF83-3A9B-420A-B737-B10407E20D2A}.Debug|x64.ActiveCfg = Debug|Any CPU
		{CAAFDF83-3A9B-420A-B737-B10407E20D2A}.Debug|x64.Build.0 = Debug|Any CPU
		{CAAFDF83-3A9B-420A-B737-B10407E20D2A}.Debug|x86.ActiveCfg = Debug|Any CPU
		{CAAFDF83-3A9B-420A-B737-B10407E20D2A}.Debug|x86.Build.0 = Debug|Any CPU
		{CAAFDF83-3A9B-420A-B737-B10407E20D2A}.Release|Any CPU.ActiveCfg = Release|Any CPU
		{CAAFDF83-3A9B-420A-B737-B10407E20D2A}.Release|Any CPU.Build.0 = Release|Any CPU
		{CAAFDF83-3A9B-420A-B737-B10407E20D2A}.Release|x64.ActiveCfg = Release|Any CPU
		{CAAFDF83-3A9B-420A-B737-B10407E20D2A}.Release|x64.Build.0 = Release|Any CPU
		{CAAFDF83-3A9B-420A-B737-B10407E20D2A}.Release|x86.ActiveCfg = Release|Any CPU
		{CAAFDF83-3A9B-420A-B737-B10407E20D2A}.Release|x86.Build.0 = Release|Any CPU
		{7AE75A5B-A6EE-4AEE-9B8B-27818BFB8665}.Debug|Any CPU.ActiveCfg = Debug|Any CPU
		{7AE75A5B-A6EE-4AEE-9B8B-27818BFB8665}.Debug|Any CPU.Build.0 = Debug|Any CPU
		{7AE75A5B-A6EE-4AEE-9B8B-27818BFB8665}.Debug|x64.ActiveCfg = Debug|Any CPU
		{7AE75A5B-A6EE-4AEE-9B8B-27818BFB8665}.Debug|x64.Build.0 = Debug|Any CPU
		{7AE75A5B-A6EE-4AEE-9B8B-27818BFB8665}.Debug|x86.ActiveCfg = Debug|Any CPU
		{7AE75A5B-A6EE-4AEE-9B8B-27818BFB8665}.Debug|x86.Build.0 = Debug|Any CPU
		{7AE75A5B-A6EE-4AEE-9B8B-27818BFB8665}.Release|Any CPU.ActiveCfg = Release|Any CPU
		{7AE75A5B-A6EE-4AEE-9B8B-27818BFB8665}.Release|Any CPU.Build.0 = Release|Any CPU
		{7AE75A5B-A6EE-4AEE-9B8B-27818BFB8665}.Release|x64.ActiveCfg = Release|Any CPU
		{7AE75A5B-A6EE-4AEE-9B8B-27818BFB8665}.Release|x64.Build.0 = Release|Any CPU
		{7AE75A5B-A6EE-4AEE-9B8B-27818BFB8665}.Release|x86.ActiveCfg = Release|Any CPU
		{7AE75A5B-A6EE-4AEE-9B8B-27818BFB8665}.Release|x86.Build.0 = Release|Any CPU
		{2A8DD57E-614C-4942-B3A4-8C820B39AFC4}.Debug|Any CPU.ActiveCfg = Debug|Any CPU
		{2A8DD57E-614C-4942-B3A4-8C820B39AFC4}.Debug|Any CPU.Build.0 = Debug|Any CPU
		{2A8DD57E-614C-4942-B3A4-8C820B39AFC4}.Debug|x64.ActiveCfg = Debug|Any CPU
		{2A8DD57E-614C-4942-B3A4-8C820B39AFC4}.Debug|x64.Build.0 = Debug|Any CPU
		{2A8DD57E-614C-4942-B3A4-8C820B39AFC4}.Debug|x86.ActiveCfg = Debug|Any CPU
		{2A8DD57E-614C-4942-B3A4-8C820B39AFC4}.Debug|x86.Build.0 = Debug|Any CPU
		{2A8DD57E-614C-4942-B3A4-8C820B39AFC4}.Release|Any CPU.ActiveCfg = Release|Any CPU
		{2A8DD57E-614C-4942-B3A4-8C820B39AFC4}.Release|Any CPU.Build.0 = Release|Any CPU
		{2A8DD57E-614C-4942-B3A4-8C820B39AFC4}.Release|x64.ActiveCfg = Release|Any CPU
		{2A8DD57E-614C-4942-B3A4-8C820B39AFC4}.Release|x64.Build.0 = Release|Any CPU
		{2A8DD57E-614C-4942-B3A4-8C820B39AFC4}.Release|x86.ActiveCfg = Release|Any CPU
		{2A8DD57E-614C-4942-B3A4-8C820B39AFC4}.Release|x86.Build.0 = Release|Any CPU
		{5627E05F-D756-4EF1-BB11-04A8767FB861}.Debug|Any CPU.ActiveCfg = Debug|Any CPU
		{5627E05F-D756-4EF1-BB11-04A8767FB861}.Debug|Any CPU.Build.0 = Debug|Any CPU
		{5627E05F-D756-4EF1-BB11-04A8767FB861}.Debug|x64.ActiveCfg = Debug|Any CPU
		{5627E05F-D756-4EF1-BB11-04A8767FB861}.Debug|x64.Build.0 = Debug|Any CPU
		{5627E05F-D756-4EF1-BB11-04A8767FB861}.Debug|x86.ActiveCfg = Debug|Any CPU
		{5627E05F-D756-4EF1-BB11-04A8767FB861}.Debug|x86.Build.0 = Debug|Any CPU
		{5627E05F-D756-4EF1-BB11-04A8767FB861}.Release|Any CPU.ActiveCfg = Release|Any CPU
		{5627E05F-D756-4EF1-BB11-04A8767FB861}.Release|Any CPU.Build.0 = Release|Any CPU
		{5627E05F-D756-4EF1-BB11-04A8767FB861}.Release|x64.ActiveCfg = Release|Any CPU
		{5627E05F-D756-4EF1-BB11-04A8767FB861}.Release|x64.Build.0 = Release|Any CPU
		{5627E05F-D756-4EF1-BB11-04A8767FB861}.Release|x86.ActiveCfg = Release|Any CPU
		{5627E05F-D756-4EF1-BB11-04A8767FB861}.Release|x86.Build.0 = Release|Any CPU
		{F5045BD5-D0B5-4156-9550-8B419F3AEBD0}.Debug|Any CPU.ActiveCfg = Debug|Any CPU
		{F5045BD5-D0B5-4156-9550-8B419F3AEBD0}.Debug|Any CPU.Build.0 = Debug|Any CPU
		{F5045BD5-D0B5-4156-9550-8B419F3AEBD0}.Debug|x64.ActiveCfg = Debug|Any CPU
		{F5045BD5-D0B5-4156-9550-8B419F3AEBD0}.Debug|x64.Build.0 = Debug|Any CPU
		{F5045BD5-D0B5-4156-9550-8B419F3AEBD0}.Debug|x86.ActiveCfg = Debug|Any CPU
		{F5045BD5-D0B5-4156-9550-8B419F3AEBD0}.Debug|x86.Build.0 = Debug|Any CPU
		{F5045BD5-D0B5-4156-9550-8B419F3AEBD0}.Release|Any CPU.ActiveCfg = Release|Any CPU
		{F5045BD5-D0B5-4156-9550-8B419F3AEBD0}.Release|Any CPU.Build.0 = Release|Any CPU
		{F5045BD5-D0B5-4156-9550-8B419F3AEBD0}.Release|x64.ActiveCfg = Release|Any CPU
		{F5045BD5-D0B5-4156-9550-8B419F3AEBD0}.Release|x64.Build.0 = Release|Any CPU
		{F5045BD5-D0B5-4156-9550-8B419F3AEBD0}.Release|x86.ActiveCfg = Release|Any CPU
		{F5045BD5-D0B5-4156-9550-8B419F3AEBD0}.Release|x86.Build.0 = Release|Any CPU
		{DDDB49C2-8545-4FA1-AD10-63528C84D035}.Debug|Any CPU.ActiveCfg = Debug|Any CPU
		{DDDB49C2-8545-4FA1-AD10-63528C84D035}.Debug|Any CPU.Build.0 = Debug|Any CPU
		{DDDB49C2-8545-4FA1-AD10-63528C84D035}.Debug|x64.ActiveCfg = Debug|Any CPU
		{DDDB49C2-8545-4FA1-AD10-63528C84D035}.Debug|x64.Build.0 = Debug|Any CPU
		{DDDB49C2-8545-4FA1-AD10-63528C84D035}.Debug|x86.ActiveCfg = Debug|Any CPU
		{DDDB49C2-8545-4FA1-AD10-63528C84D035}.Debug|x86.Build.0 = Debug|Any CPU
		{DDDB49C2-8545-4FA1-AD10-63528C84D035}.Release|Any CPU.ActiveCfg = Release|Any CPU
		{DDDB49C2-8545-4FA1-AD10-63528C84D035}.Release|Any CPU.Build.0 = Release|Any CPU
		{DDDB49C2-8545-4FA1-AD10-63528C84D035}.Release|x64.ActiveCfg = Release|Any CPU
		{DDDB49C2-8545-4FA1-AD10-63528C84D035}.Release|x64.Build.0 = Release|Any CPU
		{DDDB49C2-8545-4FA1-AD10-63528C84D035}.Release|x86.ActiveCfg = Release|Any CPU
		{DDDB49C2-8545-4FA1-AD10-63528C84D035}.Release|x86.Build.0 = Release|Any CPU
		{BDBD63E1-B194-4DDF-9B89-CE0BD3CB89B6}.Debug|Any CPU.ActiveCfg = Debug|Any CPU
		{BDBD63E1-B194-4DDF-9B89-CE0BD3CB89B6}.Debug|Any CPU.Build.0 = Debug|Any CPU
		{BDBD63E1-B194-4DDF-9B89-CE0BD3CB89B6}.Debug|x64.ActiveCfg = Debug|Any CPU
		{BDBD63E1-B194-4DDF-9B89-CE0BD3CB89B6}.Debug|x64.Build.0 = Debug|Any CPU
		{BDBD63E1-B194-4DDF-9B89-CE0BD3CB89B6}.Debug|x86.ActiveCfg = Debug|Any CPU
		{BDBD63E1-B194-4DDF-9B89-CE0BD3CB89B6}.Debug|x86.Build.0 = Debug|Any CPU
		{BDBD63E1-B194-4DDF-9B89-CE0BD3CB89B6}.Release|Any CPU.ActiveCfg = Release|Any CPU
		{BDBD63E1-B194-4DDF-9B89-CE0BD3CB89B6}.Release|Any CPU.Build.0 = Release|Any CPU
		{BDBD63E1-B194-4DDF-9B89-CE0BD3CB89B6}.Release|x64.ActiveCfg = Release|Any CPU
		{BDBD63E1-B194-4DDF-9B89-CE0BD3CB89B6}.Release|x64.Build.0 = Release|Any CPU
		{BDBD63E1-B194-4DDF-9B89-CE0BD3CB89B6}.Release|x86.ActiveCfg = Release|Any CPU
		{BDBD63E1-B194-4DDF-9B89-CE0BD3CB89B6}.Release|x86.Build.0 = Release|Any CPU
		{0E0B79C6-93BE-4D33-A719-28A188EC309A}.Debug|Any CPU.ActiveCfg = Debug|Any CPU
		{0E0B79C6-93BE-4D33-A719-28A188EC309A}.Debug|Any CPU.Build.0 = Debug|Any CPU
		{0E0B79C6-93BE-4D33-A719-28A188EC309A}.Debug|x64.ActiveCfg = Debug|Any CPU
		{0E0B79C6-93BE-4D33-A719-28A188EC309A}.Debug|x64.Build.0 = Debug|Any CPU
		{0E0B79C6-93BE-4D33-A719-28A188EC309A}.Debug|x86.ActiveCfg = Debug|Any CPU
		{0E0B79C6-93BE-4D33-A719-28A188EC309A}.Debug|x86.Build.0 = Debug|Any CPU
		{0E0B79C6-93BE-4D33-A719-28A188EC309A}.Release|Any CPU.ActiveCfg = Release|Any CPU
		{0E0B79C6-93BE-4D33-A719-28A188EC309A}.Release|Any CPU.Build.0 = Release|Any CPU
		{0E0B79C6-93BE-4D33-A719-28A188EC309A}.Release|x64.ActiveCfg = Release|Any CPU
		{0E0B79C6-93BE-4D33-A719-28A188EC309A}.Release|x64.Build.0 = Release|Any CPU
		{0E0B79C6-93BE-4D33-A719-28A188EC309A}.Release|x86.ActiveCfg = Release|Any CPU
		{0E0B79C6-93BE-4D33-A719-28A188EC309A}.Release|x86.Build.0 = Release|Any CPU
		{AC732C68-B902-4A19-8F91-48EEBBE7594C}.Debug|Any CPU.ActiveCfg = Debug|Any CPU
		{AC732C68-B902-4A19-8F91-48EEBBE7594C}.Debug|Any CPU.Build.0 = Debug|Any CPU
		{AC732C68-B902-4A19-8F91-48EEBBE7594C}.Debug|x64.ActiveCfg = Debug|Any CPU
		{AC732C68-B902-4A19-8F91-48EEBBE7594C}.Debug|x64.Build.0 = Debug|Any CPU
		{AC732C68-B902-4A19-8F91-48EEBBE7594C}.Debug|x86.ActiveCfg = Debug|Any CPU
		{AC732C68-B902-4A19-8F91-48EEBBE7594C}.Debug|x86.Build.0 = Debug|Any CPU
		{AC732C68-B902-4A19-8F91-48EEBBE7594C}.Release|Any CPU.ActiveCfg = Release|Any CPU
		{AC732C68-B902-4A19-8F91-48EEBBE7594C}.Release|Any CPU.Build.0 = Release|Any CPU
		{AC732C68-B902-4A19-8F91-48EEBBE7594C}.Release|x64.ActiveCfg = Release|Any CPU
		{AC732C68-B902-4A19-8F91-48EEBBE7594C}.Release|x64.Build.0 = Release|Any CPU
		{AC732C68-B902-4A19-8F91-48EEBBE7594C}.Release|x86.ActiveCfg = Release|Any CPU
		{AC732C68-B902-4A19-8F91-48EEBBE7594C}.Release|x86.Build.0 = Release|Any CPU
		{8725E56F-1B45-4E38-AD85-C89DE05405E5}.Debug|Any CPU.ActiveCfg = Debug|Any CPU
		{8725E56F-1B45-4E38-AD85-C89DE05405E5}.Debug|Any CPU.Build.0 = Debug|Any CPU
		{8725E56F-1B45-4E38-AD85-C89DE05405E5}.Debug|x64.ActiveCfg = Debug|Any CPU
		{8725E56F-1B45-4E38-AD85-C89DE05405E5}.Debug|x64.Build.0 = Debug|Any CPU
		{8725E56F-1B45-4E38-AD85-C89DE05405E5}.Debug|x86.ActiveCfg = Debug|Any CPU
		{8725E56F-1B45-4E38-AD85-C89DE05405E5}.Debug|x86.Build.0 = Debug|Any CPU
		{8725E56F-1B45-4E38-AD85-C89DE05405E5}.Release|Any CPU.ActiveCfg = Release|Any CPU
		{8725E56F-1B45-4E38-AD85-C89DE05405E5}.Release|Any CPU.Build.0 = Release|Any CPU
		{8725E56F-1B45-4E38-AD85-C89DE05405E5}.Release|x64.ActiveCfg = Release|Any CPU
		{8725E56F-1B45-4E38-AD85-C89DE05405E5}.Release|x64.Build.0 = Release|Any CPU
		{8725E56F-1B45-4E38-AD85-C89DE05405E5}.Release|x86.ActiveCfg = Release|Any CPU
		{8725E56F-1B45-4E38-AD85-C89DE05405E5}.Release|x86.Build.0 = Release|Any CPU
		{18AD8DB6-988B-4EAB-8E21-7D27E25453D0}.Debug|Any CPU.ActiveCfg = Debug|Any CPU
		{18AD8DB6-988B-4EAB-8E21-7D27E25453D0}.Debug|Any CPU.Build.0 = Debug|Any CPU
		{18AD8DB6-988B-4EAB-8E21-7D27E25453D0}.Debug|x64.ActiveCfg = Debug|Any CPU
		{18AD8DB6-988B-4EAB-8E21-7D27E25453D0}.Debug|x64.Build.0 = Debug|Any CPU
		{18AD8DB6-988B-4EAB-8E21-7D27E25453D0}.Debug|x86.ActiveCfg = Debug|Any CPU
		{18AD8DB6-988B-4EAB-8E21-7D27E25453D0}.Debug|x86.Build.0 = Debug|Any CPU
		{18AD8DB6-988B-4EAB-8E21-7D27E25453D0}.Release|Any CPU.ActiveCfg = Release|Any CPU
		{18AD8DB6-988B-4EAB-8E21-7D27E25453D0}.Release|Any CPU.Build.0 = Release|Any CPU
		{18AD8DB6-988B-4EAB-8E21-7D27E25453D0}.Release|x64.ActiveCfg = Release|Any CPU
		{18AD8DB6-988B-4EAB-8E21-7D27E25453D0}.Release|x64.Build.0 = Release|Any CPU
		{18AD8DB6-988B-4EAB-8E21-7D27E25453D0}.Release|x86.ActiveCfg = Release|Any CPU
		{18AD8DB6-988B-4EAB-8E21-7D27E25453D0}.Release|x86.Build.0 = Release|Any CPU
		{E5760B5C-4238-4888-A863-783D78980438}.Debug|Any CPU.ActiveCfg = Debug|Any CPU
		{E5760B5C-4238-4888-A863-783D78980438}.Debug|Any CPU.Build.0 = Debug|Any CPU
		{E5760B5C-4238-4888-A863-783D78980438}.Debug|x64.ActiveCfg = Debug|Any CPU
		{E5760B5C-4238-4888-A863-783D78980438}.Debug|x64.Build.0 = Debug|Any CPU
		{E5760B5C-4238-4888-A863-783D78980438}.Debug|x86.ActiveCfg = Debug|Any CPU
		{E5760B5C-4238-4888-A863-783D78980438}.Debug|x86.Build.0 = Debug|Any CPU
		{E5760B5C-4238-4888-A863-783D78980438}.Release|Any CPU.ActiveCfg = Release|Any CPU
		{E5760B5C-4238-4888-A863-783D78980438}.Release|Any CPU.Build.0 = Release|Any CPU
		{E5760B5C-4238-4888-A863-783D78980438}.Release|x64.ActiveCfg = Release|Any CPU
		{E5760B5C-4238-4888-A863-783D78980438}.Release|x64.Build.0 = Release|Any CPU
		{E5760B5C-4238-4888-A863-783D78980438}.Release|x86.ActiveCfg = Release|Any CPU
		{E5760B5C-4238-4888-A863-783D78980438}.Release|x86.Build.0 = Release|Any CPU
		{E5697609-7DCF-42B6-A30D-9D3617B0AAB5}.Debug|Any CPU.ActiveCfg = Debug|Any CPU
		{E5697609-7DCF-42B6-A30D-9D3617B0AAB5}.Debug|Any CPU.Build.0 = Debug|Any CPU
		{E5697609-7DCF-42B6-A30D-9D3617B0AAB5}.Debug|x64.ActiveCfg = Debug|Any CPU
		{E5697609-7DCF-42B6-A30D-9D3617B0AAB5}.Debug|x64.Build.0 = Debug|Any CPU
		{E5697609-7DCF-42B6-A30D-9D3617B0AAB5}.Debug|x86.ActiveCfg = Debug|Any CPU
		{E5697609-7DCF-42B6-A30D-9D3617B0AAB5}.Debug|x86.Build.0 = Debug|Any CPU
		{E5697609-7DCF-42B6-A30D-9D3617B0AAB5}.Release|Any CPU.ActiveCfg = Release|Any CPU
		{E5697609-7DCF-42B6-A30D-9D3617B0AAB5}.Release|Any CPU.Build.0 = Release|Any CPU
		{E5697609-7DCF-42B6-A30D-9D3617B0AAB5}.Release|x64.ActiveCfg = Release|Any CPU
		{E5697609-7DCF-42B6-A30D-9D3617B0AAB5}.Release|x64.Build.0 = Release|Any CPU
		{E5697609-7DCF-42B6-A30D-9D3617B0AAB5}.Release|x86.ActiveCfg = Release|Any CPU
		{E5697609-7DCF-42B6-A30D-9D3617B0AAB5}.Release|x86.Build.0 = Release|Any CPU
		{012022CD-3DFE-4D47-A98C-A26EA66D40B9}.Debug|Any CPU.ActiveCfg = Debug|Any CPU
		{012022CD-3DFE-4D47-A98C-A26EA66D40B9}.Debug|Any CPU.Build.0 = Debug|Any CPU
		{012022CD-3DFE-4D47-A98C-A26EA66D40B9}.Debug|x64.ActiveCfg = Debug|Any CPU
		{012022CD-3DFE-4D47-A98C-A26EA66D40B9}.Debug|x64.Build.0 = Debug|Any CPU
		{012022CD-3DFE-4D47-A98C-A26EA66D40B9}.Debug|x86.ActiveCfg = Debug|Any CPU
		{012022CD-3DFE-4D47-A98C-A26EA66D40B9}.Debug|x86.Build.0 = Debug|Any CPU
		{012022CD-3DFE-4D47-A98C-A26EA66D40B9}.Release|Any CPU.ActiveCfg = Release|Any CPU
		{012022CD-3DFE-4D47-A98C-A26EA66D40B9}.Release|Any CPU.Build.0 = Release|Any CPU
		{012022CD-3DFE-4D47-A98C-A26EA66D40B9}.Release|x64.ActiveCfg = Release|Any CPU
		{012022CD-3DFE-4D47-A98C-A26EA66D40B9}.Release|x64.Build.0 = Release|Any CPU
		{012022CD-3DFE-4D47-A98C-A26EA66D40B9}.Release|x86.ActiveCfg = Release|Any CPU
		{012022CD-3DFE-4D47-A98C-A26EA66D40B9}.Release|x86.Build.0 = Release|Any CPU
		{D4353BFF-DA7C-4A5B-B142-5C72408734FE}.Debug|Any CPU.ActiveCfg = Debug|Any CPU
		{D4353BFF-DA7C-4A5B-B142-5C72408734FE}.Debug|Any CPU.Build.0 = Debug|Any CPU
		{D4353BFF-DA7C-4A5B-B142-5C72408734FE}.Debug|x64.ActiveCfg = Debug|Any CPU
		{D4353BFF-DA7C-4A5B-B142-5C72408734FE}.Debug|x64.Build.0 = Debug|Any CPU
		{D4353BFF-DA7C-4A5B-B142-5C72408734FE}.Debug|x86.ActiveCfg = Debug|Any CPU
		{D4353BFF-DA7C-4A5B-B142-5C72408734FE}.Debug|x86.Build.0 = Debug|Any CPU
		{D4353BFF-DA7C-4A5B-B142-5C72408734FE}.Release|Any CPU.ActiveCfg = Release|Any CPU
		{D4353BFF-DA7C-4A5B-B142-5C72408734FE}.Release|Any CPU.Build.0 = Release|Any CPU
		{D4353BFF-DA7C-4A5B-B142-5C72408734FE}.Release|x64.ActiveCfg = Release|Any CPU
		{D4353BFF-DA7C-4A5B-B142-5C72408734FE}.Release|x64.Build.0 = Release|Any CPU
		{D4353BFF-DA7C-4A5B-B142-5C72408734FE}.Release|x86.ActiveCfg = Release|Any CPU
		{D4353BFF-DA7C-4A5B-B142-5C72408734FE}.Release|x86.Build.0 = Release|Any CPU
		{CCD31393-1BAC-4586-B43D-62F652A2FC8D}.Debug|Any CPU.ActiveCfg = Debug|Any CPU
		{CCD31393-1BAC-4586-B43D-62F652A2FC8D}.Debug|Any CPU.Build.0 = Debug|Any CPU
		{CCD31393-1BAC-4586-B43D-62F652A2FC8D}.Debug|x64.ActiveCfg = Debug|Any CPU
		{CCD31393-1BAC-4586-B43D-62F652A2FC8D}.Debug|x64.Build.0 = Debug|Any CPU
		{CCD31393-1BAC-4586-B43D-62F652A2FC8D}.Debug|x86.ActiveCfg = Debug|Any CPU
		{CCD31393-1BAC-4586-B43D-62F652A2FC8D}.Debug|x86.Build.0 = Debug|Any CPU
		{CCD31393-1BAC-4586-B43D-62F652A2FC8D}.Release|Any CPU.ActiveCfg = Release|Any CPU
		{CCD31393-1BAC-4586-B43D-62F652A2FC8D}.Release|Any CPU.Build.0 = Release|Any CPU
		{CCD31393-1BAC-4586-B43D-62F652A2FC8D}.Release|x64.ActiveCfg = Release|Any CPU
		{CCD31393-1BAC-4586-B43D-62F652A2FC8D}.Release|x64.Build.0 = Release|Any CPU
		{CCD31393-1BAC-4586-B43D-62F652A2FC8D}.Release|x86.ActiveCfg = Release|Any CPU
		{CCD31393-1BAC-4586-B43D-62F652A2FC8D}.Release|x86.Build.0 = Release|Any CPU
		{B9DB9EF4-4DD8-43FA-80E5-B3B11690B98D}.Debug|Any CPU.ActiveCfg = Debug|Any CPU
		{B9DB9EF4-4DD8-43FA-80E5-B3B11690B98D}.Debug|Any CPU.Build.0 = Debug|Any CPU
		{B9DB9EF4-4DD8-43FA-80E5-B3B11690B98D}.Debug|x64.ActiveCfg = Debug|Any CPU
		{B9DB9EF4-4DD8-43FA-80E5-B3B11690B98D}.Debug|x64.Build.0 = Debug|Any CPU
		{B9DB9EF4-4DD8-43FA-80E5-B3B11690B98D}.Debug|x86.ActiveCfg = Debug|Any CPU
		{B9DB9EF4-4DD8-43FA-80E5-B3B11690B98D}.Debug|x86.Build.0 = Debug|Any CPU
		{B9DB9EF4-4DD8-43FA-80E5-B3B11690B98D}.Release|Any CPU.ActiveCfg = Release|Any CPU
		{B9DB9EF4-4DD8-43FA-80E5-B3B11690B98D}.Release|Any CPU.Build.0 = Release|Any CPU
		{B9DB9EF4-4DD8-43FA-80E5-B3B11690B98D}.Release|x64.ActiveCfg = Release|Any CPU
		{B9DB9EF4-4DD8-43FA-80E5-B3B11690B98D}.Release|x64.Build.0 = Release|Any CPU
		{B9DB9EF4-4DD8-43FA-80E5-B3B11690B98D}.Release|x86.ActiveCfg = Release|Any CPU
		{B9DB9EF4-4DD8-43FA-80E5-B3B11690B98D}.Release|x86.Build.0 = Release|Any CPU
		{AE3DAAF6-5C8B-4110-998C-83BF3D99A553}.Debug|Any CPU.ActiveCfg = Debug|Any CPU
		{AE3DAAF6-5C8B-4110-998C-83BF3D99A553}.Debug|Any CPU.Build.0 = Debug|Any CPU
		{AE3DAAF6-5C8B-4110-998C-83BF3D99A553}.Debug|x64.ActiveCfg = Debug|Any CPU
		{AE3DAAF6-5C8B-4110-998C-83BF3D99A553}.Debug|x64.Build.0 = Debug|Any CPU
		{AE3DAAF6-5C8B-4110-998C-83BF3D99A553}.Debug|x86.ActiveCfg = Debug|Any CPU
		{AE3DAAF6-5C8B-4110-998C-83BF3D99A553}.Debug|x86.Build.0 = Debug|Any CPU
		{AE3DAAF6-5C8B-4110-998C-83BF3D99A553}.Release|Any CPU.ActiveCfg = Release|Any CPU
		{AE3DAAF6-5C8B-4110-998C-83BF3D99A553}.Release|Any CPU.Build.0 = Release|Any CPU
		{AE3DAAF6-5C8B-4110-998C-83BF3D99A553}.Release|x64.ActiveCfg = Release|Any CPU
		{AE3DAAF6-5C8B-4110-998C-83BF3D99A553}.Release|x64.Build.0 = Release|Any CPU
		{AE3DAAF6-5C8B-4110-998C-83BF3D99A553}.Release|x86.ActiveCfg = Release|Any CPU
		{AE3DAAF6-5C8B-4110-998C-83BF3D99A553}.Release|x86.Build.0 = Release|Any CPU
		{3A1DDD70-F8B4-4367-9703-F6EBD4DBF669}.Debug|Any CPU.ActiveCfg = Debug|Any CPU
		{3A1DDD70-F8B4-4367-9703-F6EBD4DBF669}.Debug|Any CPU.Build.0 = Debug|Any CPU
		{3A1DDD70-F8B4-4367-9703-F6EBD4DBF669}.Debug|x64.ActiveCfg = Debug|Any CPU
		{3A1DDD70-F8B4-4367-9703-F6EBD4DBF669}.Debug|x64.Build.0 = Debug|Any CPU
		{3A1DDD70-F8B4-4367-9703-F6EBD4DBF669}.Debug|x86.ActiveCfg = Debug|Any CPU
		{3A1DDD70-F8B4-4367-9703-F6EBD4DBF669}.Debug|x86.Build.0 = Debug|Any CPU
		{3A1DDD70-F8B4-4367-9703-F6EBD4DBF669}.Release|Any CPU.ActiveCfg = Release|Any CPU
		{3A1DDD70-F8B4-4367-9703-F6EBD4DBF669}.Release|Any CPU.Build.0 = Release|Any CPU
		{3A1DDD70-F8B4-4367-9703-F6EBD4DBF669}.Release|x64.ActiveCfg = Release|Any CPU
		{3A1DDD70-F8B4-4367-9703-F6EBD4DBF669}.Release|x64.Build.0 = Release|Any CPU
		{3A1DDD70-F8B4-4367-9703-F6EBD4DBF669}.Release|x86.ActiveCfg = Release|Any CPU
		{3A1DDD70-F8B4-4367-9703-F6EBD4DBF669}.Release|x86.Build.0 = Release|Any CPU
		{2535ABFB-29E9-41CF-A5F5-288789F2571A}.Debug|Any CPU.ActiveCfg = Debug|Any CPU
		{2535ABFB-29E9-41CF-A5F5-288789F2571A}.Debug|Any CPU.Build.0 = Debug|Any CPU
		{2535ABFB-29E9-41CF-A5F5-288789F2571A}.Debug|x64.ActiveCfg = Debug|Any CPU
		{2535ABFB-29E9-41CF-A5F5-288789F2571A}.Debug|x64.Build.0 = Debug|Any CPU
		{2535ABFB-29E9-41CF-A5F5-288789F2571A}.Debug|x86.ActiveCfg = Debug|Any CPU
		{2535ABFB-29E9-41CF-A5F5-288789F2571A}.Debug|x86.Build.0 = Debug|Any CPU
		{2535ABFB-29E9-41CF-A5F5-288789F2571A}.Release|Any CPU.ActiveCfg = Release|Any CPU
		{2535ABFB-29E9-41CF-A5F5-288789F2571A}.Release|Any CPU.Build.0 = Release|Any CPU
		{2535ABFB-29E9-41CF-A5F5-288789F2571A}.Release|x64.ActiveCfg = Release|Any CPU
		{2535ABFB-29E9-41CF-A5F5-288789F2571A}.Release|x64.Build.0 = Release|Any CPU
		{2535ABFB-29E9-41CF-A5F5-288789F2571A}.Release|x86.ActiveCfg = Release|Any CPU
		{2535ABFB-29E9-41CF-A5F5-288789F2571A}.Release|x86.Build.0 = Release|Any CPU
		{E8AE7F7D-6FC7-4AAA-9054-EAC400E40E1A}.Debug|Any CPU.ActiveCfg = Debug|Any CPU
		{E8AE7F7D-6FC7-4AAA-9054-EAC400E40E1A}.Debug|Any CPU.Build.0 = Debug|Any CPU
		{E8AE7F7D-6FC7-4AAA-9054-EAC400E40E1A}.Debug|x64.ActiveCfg = Debug|Any CPU
		{E8AE7F7D-6FC7-4AAA-9054-EAC400E40E1A}.Debug|x64.Build.0 = Debug|Any CPU
		{E8AE7F7D-6FC7-4AAA-9054-EAC400E40E1A}.Debug|x86.ActiveCfg = Debug|Any CPU
		{E8AE7F7D-6FC7-4AAA-9054-EAC400E40E1A}.Debug|x86.Build.0 = Debug|Any CPU
		{E8AE7F7D-6FC7-4AAA-9054-EAC400E40E1A}.Release|Any CPU.ActiveCfg = Release|Any CPU
		{E8AE7F7D-6FC7-4AAA-9054-EAC400E40E1A}.Release|Any CPU.Build.0 = Release|Any CPU
		{E8AE7F7D-6FC7-4AAA-9054-EAC400E40E1A}.Release|x64.ActiveCfg = Release|Any CPU
		{E8AE7F7D-6FC7-4AAA-9054-EAC400E40E1A}.Release|x64.Build.0 = Release|Any CPU
		{E8AE7F7D-6FC7-4AAA-9054-EAC400E40E1A}.Release|x86.ActiveCfg = Release|Any CPU
		{E8AE7F7D-6FC7-4AAA-9054-EAC400E40E1A}.Release|x86.Build.0 = Release|Any CPU
		{9FA0DB85-4453-458D-8164-B89A227A93D6}.Debug|Any CPU.ActiveCfg = Debug|Any CPU
		{9FA0DB85-4453-458D-8164-B89A227A93D6}.Debug|Any CPU.Build.0 = Debug|Any CPU
		{9FA0DB85-4453-458D-8164-B89A227A93D6}.Debug|x64.ActiveCfg = Debug|Any CPU
		{9FA0DB85-4453-458D-8164-B89A227A93D6}.Debug|x64.Build.0 = Debug|Any CPU
		{9FA0DB85-4453-458D-8164-B89A227A93D6}.Debug|x86.ActiveCfg = Debug|Any CPU
		{9FA0DB85-4453-458D-8164-B89A227A93D6}.Debug|x86.Build.0 = Debug|Any CPU
		{9FA0DB85-4453-458D-8164-B89A227A93D6}.Release|Any CPU.ActiveCfg = Release|Any CPU
		{9FA0DB85-4453-458D-8164-B89A227A93D6}.Release|Any CPU.Build.0 = Release|Any CPU
		{9FA0DB85-4453-458D-8164-B89A227A93D6}.Release|x64.ActiveCfg = Release|Any CPU
		{9FA0DB85-4453-458D-8164-B89A227A93D6}.Release|x64.Build.0 = Release|Any CPU
		{9FA0DB85-4453-458D-8164-B89A227A93D6}.Release|x86.ActiveCfg = Release|Any CPU
		{9FA0DB85-4453-458D-8164-B89A227A93D6}.Release|x86.Build.0 = Release|Any CPU
		{293CF5C6-23FA-462B-85A7-192DBC77558A}.Debug|Any CPU.ActiveCfg = Debug|Any CPU
		{293CF5C6-23FA-462B-85A7-192DBC77558A}.Debug|Any CPU.Build.0 = Debug|Any CPU
		{293CF5C6-23FA-462B-85A7-192DBC77558A}.Debug|x64.ActiveCfg = Debug|Any CPU
		{293CF5C6-23FA-462B-85A7-192DBC77558A}.Debug|x64.Build.0 = Debug|Any CPU
		{293CF5C6-23FA-462B-85A7-192DBC77558A}.Debug|x86.ActiveCfg = Debug|Any CPU
		{293CF5C6-23FA-462B-85A7-192DBC77558A}.Debug|x86.Build.0 = Debug|Any CPU
		{293CF5C6-23FA-462B-85A7-192DBC77558A}.Release|Any CPU.ActiveCfg = Release|Any CPU
		{293CF5C6-23FA-462B-85A7-192DBC77558A}.Release|Any CPU.Build.0 = Release|Any CPU
		{293CF5C6-23FA-462B-85A7-192DBC77558A}.Release|x64.ActiveCfg = Release|Any CPU
		{293CF5C6-23FA-462B-85A7-192DBC77558A}.Release|x64.Build.0 = Release|Any CPU
		{293CF5C6-23FA-462B-85A7-192DBC77558A}.Release|x86.ActiveCfg = Release|Any CPU
		{293CF5C6-23FA-462B-85A7-192DBC77558A}.Release|x86.Build.0 = Release|Any CPU
		{95F03E64-8DD3-43DA-9DF8-D72A4D825443}.Debug|Any CPU.ActiveCfg = Debug|Any CPU
		{95F03E64-8DD3-43DA-9DF8-D72A4D825443}.Debug|Any CPU.Build.0 = Debug|Any CPU
		{95F03E64-8DD3-43DA-9DF8-D72A4D825443}.Debug|x64.ActiveCfg = Debug|Any CPU
		{95F03E64-8DD3-43DA-9DF8-D72A4D825443}.Debug|x64.Build.0 = Debug|Any CPU
		{95F03E64-8DD3-43DA-9DF8-D72A4D825443}.Debug|x86.ActiveCfg = Debug|Any CPU
		{95F03E64-8DD3-43DA-9DF8-D72A4D825443}.Debug|x86.Build.0 = Debug|Any CPU
		{95F03E64-8DD3-43DA-9DF8-D72A4D825443}.Release|Any CPU.ActiveCfg = Release|Any CPU
		{95F03E64-8DD3-43DA-9DF8-D72A4D825443}.Release|Any CPU.Build.0 = Release|Any CPU
		{95F03E64-8DD3-43DA-9DF8-D72A4D825443}.Release|x64.ActiveCfg = Release|Any CPU
		{95F03E64-8DD3-43DA-9DF8-D72A4D825443}.Release|x64.Build.0 = Release|Any CPU
		{95F03E64-8DD3-43DA-9DF8-D72A4D825443}.Release|x86.ActiveCfg = Release|Any CPU
		{95F03E64-8DD3-43DA-9DF8-D72A4D825443}.Release|x86.Build.0 = Release|Any CPU
		{A6F042AC-9415-4022-94AF-2743B102AFB7}.Debug|Any CPU.ActiveCfg = Debug|Any CPU
		{A6F042AC-9415-4022-94AF-2743B102AFB7}.Debug|Any CPU.Build.0 = Debug|Any CPU
		{A6F042AC-9415-4022-94AF-2743B102AFB7}.Debug|x64.ActiveCfg = Debug|Any CPU
		{A6F042AC-9415-4022-94AF-2743B102AFB7}.Debug|x64.Build.0 = Debug|Any CPU
		{A6F042AC-9415-4022-94AF-2743B102AFB7}.Debug|x86.ActiveCfg = Debug|Any CPU
		{A6F042AC-9415-4022-94AF-2743B102AFB7}.Debug|x86.Build.0 = Debug|Any CPU
		{A6F042AC-9415-4022-94AF-2743B102AFB7}.Release|Any CPU.ActiveCfg = Release|Any CPU
		{A6F042AC-9415-4022-94AF-2743B102AFB7}.Release|Any CPU.Build.0 = Release|Any CPU
		{A6F042AC-9415-4022-94AF-2743B102AFB7}.Release|x64.ActiveCfg = Release|Any CPU
		{A6F042AC-9415-4022-94AF-2743B102AFB7}.Release|x64.Build.0 = Release|Any CPU
		{A6F042AC-9415-4022-94AF-2743B102AFB7}.Release|x86.ActiveCfg = Release|Any CPU
		{A6F042AC-9415-4022-94AF-2743B102AFB7}.Release|x86.Build.0 = Release|Any CPU
		{3E075530-BE1F-4B7B-ADD2-5E1E9229767B}.Debug|Any CPU.ActiveCfg = Debug|Any CPU
		{3E075530-BE1F-4B7B-ADD2-5E1E9229767B}.Debug|Any CPU.Build.0 = Debug|Any CPU
		{3E075530-BE1F-4B7B-ADD2-5E1E9229767B}.Debug|x64.ActiveCfg = Debug|Any CPU
		{3E075530-BE1F-4B7B-ADD2-5E1E9229767B}.Debug|x64.Build.0 = Debug|Any CPU
		{3E075530-BE1F-4B7B-ADD2-5E1E9229767B}.Debug|x86.ActiveCfg = Debug|Any CPU
		{3E075530-BE1F-4B7B-ADD2-5E1E9229767B}.Debug|x86.Build.0 = Debug|Any CPU
		{3E075530-BE1F-4B7B-ADD2-5E1E9229767B}.Release|Any CPU.ActiveCfg = Release|Any CPU
		{3E075530-BE1F-4B7B-ADD2-5E1E9229767B}.Release|Any CPU.Build.0 = Release|Any CPU
		{3E075530-BE1F-4B7B-ADD2-5E1E9229767B}.Release|x64.ActiveCfg = Release|Any CPU
		{3E075530-BE1F-4B7B-ADD2-5E1E9229767B}.Release|x64.Build.0 = Release|Any CPU
		{3E075530-BE1F-4B7B-ADD2-5E1E9229767B}.Release|x86.ActiveCfg = Release|Any CPU
		{3E075530-BE1F-4B7B-ADD2-5E1E9229767B}.Release|x86.Build.0 = Release|Any CPU
		{F96E0054-E1CE-47BB-9228-5518F817F9BF}.Debug|Any CPU.ActiveCfg = Debug|Any CPU
		{F96E0054-E1CE-47BB-9228-5518F817F9BF}.Debug|Any CPU.Build.0 = Debug|Any CPU
		{F96E0054-E1CE-47BB-9228-5518F817F9BF}.Debug|x64.ActiveCfg = Debug|Any CPU
		{F96E0054-E1CE-47BB-9228-5518F817F9BF}.Debug|x64.Build.0 = Debug|Any CPU
		{F96E0054-E1CE-47BB-9228-5518F817F9BF}.Debug|x86.ActiveCfg = Debug|Any CPU
		{F96E0054-E1CE-47BB-9228-5518F817F9BF}.Debug|x86.Build.0 = Debug|Any CPU
		{F96E0054-E1CE-47BB-9228-5518F817F9BF}.Release|Any CPU.ActiveCfg = Release|Any CPU
		{F96E0054-E1CE-47BB-9228-5518F817F9BF}.Release|Any CPU.Build.0 = Release|Any CPU
		{F96E0054-E1CE-47BB-9228-5518F817F9BF}.Release|x64.ActiveCfg = Release|Any CPU
		{F96E0054-E1CE-47BB-9228-5518F817F9BF}.Release|x64.Build.0 = Release|Any CPU
		{F96E0054-E1CE-47BB-9228-5518F817F9BF}.Release|x86.ActiveCfg = Release|Any CPU
		{F96E0054-E1CE-47BB-9228-5518F817F9BF}.Release|x86.Build.0 = Release|Any CPU
		{06178832-C589-4D9B-BB43-2DC7A8FC5787}.Debug|Any CPU.ActiveCfg = Debug|Any CPU
		{06178832-C589-4D9B-BB43-2DC7A8FC5787}.Debug|Any CPU.Build.0 = Debug|Any CPU
		{06178832-C589-4D9B-BB43-2DC7A8FC5787}.Debug|x64.ActiveCfg = Debug|Any CPU
		{06178832-C589-4D9B-BB43-2DC7A8FC5787}.Debug|x64.Build.0 = Debug|Any CPU
		{06178832-C589-4D9B-BB43-2DC7A8FC5787}.Debug|x86.ActiveCfg = Debug|Any CPU
		{06178832-C589-4D9B-BB43-2DC7A8FC5787}.Debug|x86.Build.0 = Debug|Any CPU
		{06178832-C589-4D9B-BB43-2DC7A8FC5787}.Release|Any CPU.ActiveCfg = Release|Any CPU
		{06178832-C589-4D9B-BB43-2DC7A8FC5787}.Release|Any CPU.Build.0 = Release|Any CPU
		{06178832-C589-4D9B-BB43-2DC7A8FC5787}.Release|x64.ActiveCfg = Release|Any CPU
		{06178832-C589-4D9B-BB43-2DC7A8FC5787}.Release|x64.Build.0 = Release|Any CPU
		{06178832-C589-4D9B-BB43-2DC7A8FC5787}.Release|x86.ActiveCfg = Release|Any CPU
		{06178832-C589-4D9B-BB43-2DC7A8FC5787}.Release|x86.Build.0 = Release|Any CPU
		{ECAC0371-9384-428E-A64B-42FCB442E564}.Debug|Any CPU.ActiveCfg = Debug|Any CPU
		{ECAC0371-9384-428E-A64B-42FCB442E564}.Debug|Any CPU.Build.0 = Debug|Any CPU
		{ECAC0371-9384-428E-A64B-42FCB442E564}.Debug|x64.ActiveCfg = Debug|Any CPU
		{ECAC0371-9384-428E-A64B-42FCB442E564}.Debug|x64.Build.0 = Debug|Any CPU
		{ECAC0371-9384-428E-A64B-42FCB442E564}.Debug|x86.ActiveCfg = Debug|Any CPU
		{ECAC0371-9384-428E-A64B-42FCB442E564}.Debug|x86.Build.0 = Debug|Any CPU
		{ECAC0371-9384-428E-A64B-42FCB442E564}.Release|Any CPU.ActiveCfg = Release|Any CPU
		{ECAC0371-9384-428E-A64B-42FCB442E564}.Release|Any CPU.Build.0 = Release|Any CPU
		{ECAC0371-9384-428E-A64B-42FCB442E564}.Release|x64.ActiveCfg = Release|Any CPU
		{ECAC0371-9384-428E-A64B-42FCB442E564}.Release|x64.Build.0 = Release|Any CPU
		{ECAC0371-9384-428E-A64B-42FCB442E564}.Release|x86.ActiveCfg = Release|Any CPU
		{ECAC0371-9384-428E-A64B-42FCB442E564}.Release|x86.Build.0 = Release|Any CPU
		{F9C7281D-B61E-4AE2-9CC1-C16540C86D58}.Debug|Any CPU.ActiveCfg = Debug|Any CPU
		{F9C7281D-B61E-4AE2-9CC1-C16540C86D58}.Debug|Any CPU.Build.0 = Debug|Any CPU
		{F9C7281D-B61E-4AE2-9CC1-C16540C86D58}.Debug|x64.ActiveCfg = Debug|Any CPU
		{F9C7281D-B61E-4AE2-9CC1-C16540C86D58}.Debug|x64.Build.0 = Debug|Any CPU
		{F9C7281D-B61E-4AE2-9CC1-C16540C86D58}.Debug|x86.ActiveCfg = Debug|Any CPU
		{F9C7281D-B61E-4AE2-9CC1-C16540C86D58}.Debug|x86.Build.0 = Debug|Any CPU
		{F9C7281D-B61E-4AE2-9CC1-C16540C86D58}.Release|Any CPU.ActiveCfg = Release|Any CPU
		{F9C7281D-B61E-4AE2-9CC1-C16540C86D58}.Release|Any CPU.Build.0 = Release|Any CPU
		{F9C7281D-B61E-4AE2-9CC1-C16540C86D58}.Release|x64.ActiveCfg = Release|Any CPU
		{F9C7281D-B61E-4AE2-9CC1-C16540C86D58}.Release|x64.Build.0 = Release|Any CPU
		{F9C7281D-B61E-4AE2-9CC1-C16540C86D58}.Release|x86.ActiveCfg = Release|Any CPU
		{F9C7281D-B61E-4AE2-9CC1-C16540C86D58}.Release|x86.Build.0 = Release|Any CPU
		{13072087-CCA9-4CC5-A4B1-7F4DE1918442}.Debug|Any CPU.ActiveCfg = Debug|Any CPU
		{13072087-CCA9-4CC5-A4B1-7F4DE1918442}.Debug|Any CPU.Build.0 = Debug|Any CPU
		{13072087-CCA9-4CC5-A4B1-7F4DE1918442}.Debug|x64.ActiveCfg = Debug|Any CPU
		{13072087-CCA9-4CC5-A4B1-7F4DE1918442}.Debug|x64.Build.0 = Debug|Any CPU
		{13072087-CCA9-4CC5-A4B1-7F4DE1918442}.Debug|x86.ActiveCfg = Debug|Any CPU
		{13072087-CCA9-4CC5-A4B1-7F4DE1918442}.Debug|x86.Build.0 = Debug|Any CPU
		{13072087-CCA9-4CC5-A4B1-7F4DE1918442}.Release|Any CPU.ActiveCfg = Release|Any CPU
		{13072087-CCA9-4CC5-A4B1-7F4DE1918442}.Release|Any CPU.Build.0 = Release|Any CPU
		{13072087-CCA9-4CC5-A4B1-7F4DE1918442}.Release|x64.ActiveCfg = Release|Any CPU
		{13072087-CCA9-4CC5-A4B1-7F4DE1918442}.Release|x64.Build.0 = Release|Any CPU
		{13072087-CCA9-4CC5-A4B1-7F4DE1918442}.Release|x86.ActiveCfg = Release|Any CPU
		{13072087-CCA9-4CC5-A4B1-7F4DE1918442}.Release|x86.Build.0 = Release|Any CPU
		{A0CECC77-662A-4C3E-997A-E7171FB7A68E}.Debug|Any CPU.ActiveCfg = Debug|Any CPU
		{A0CECC77-662A-4C3E-997A-E7171FB7A68E}.Debug|Any CPU.Build.0 = Debug|Any CPU
		{A0CECC77-662A-4C3E-997A-E7171FB7A68E}.Debug|x64.ActiveCfg = Debug|Any CPU
		{A0CECC77-662A-4C3E-997A-E7171FB7A68E}.Debug|x64.Build.0 = Debug|Any CPU
		{A0CECC77-662A-4C3E-997A-E7171FB7A68E}.Debug|x86.ActiveCfg = Debug|Any CPU
		{A0CECC77-662A-4C3E-997A-E7171FB7A68E}.Debug|x86.Build.0 = Debug|Any CPU
		{A0CECC77-662A-4C3E-997A-E7171FB7A68E}.Release|Any CPU.ActiveCfg = Release|Any CPU
		{A0CECC77-662A-4C3E-997A-E7171FB7A68E}.Release|Any CPU.Build.0 = Release|Any CPU
		{A0CECC77-662A-4C3E-997A-E7171FB7A68E}.Release|x64.ActiveCfg = Release|Any CPU
		{A0CECC77-662A-4C3E-997A-E7171FB7A68E}.Release|x64.Build.0 = Release|Any CPU
		{A0CECC77-662A-4C3E-997A-E7171FB7A68E}.Release|x86.ActiveCfg = Release|Any CPU
		{A0CECC77-662A-4C3E-997A-E7171FB7A68E}.Release|x86.Build.0 = Release|Any CPU
		{8D9F208A-A86E-4B64-B730-F352FC267681}.Debug|Any CPU.ActiveCfg = Debug|Any CPU
		{8D9F208A-A86E-4B64-B730-F352FC267681}.Debug|Any CPU.Build.0 = Debug|Any CPU
		{8D9F208A-A86E-4B64-B730-F352FC267681}.Debug|x64.ActiveCfg = Debug|Any CPU
		{8D9F208A-A86E-4B64-B730-F352FC267681}.Debug|x64.Build.0 = Debug|Any CPU
		{8D9F208A-A86E-4B64-B730-F352FC267681}.Debug|x86.ActiveCfg = Debug|Any CPU
		{8D9F208A-A86E-4B64-B730-F352FC267681}.Debug|x86.Build.0 = Debug|Any CPU
		{8D9F208A-A86E-4B64-B730-F352FC267681}.Release|Any CPU.ActiveCfg = Release|Any CPU
		{8D9F208A-A86E-4B64-B730-F352FC267681}.Release|Any CPU.Build.0 = Release|Any CPU
		{8D9F208A-A86E-4B64-B730-F352FC267681}.Release|x64.ActiveCfg = Release|Any CPU
		{8D9F208A-A86E-4B64-B730-F352FC267681}.Release|x64.Build.0 = Release|Any CPU
		{8D9F208A-A86E-4B64-B730-F352FC267681}.Release|x86.ActiveCfg = Release|Any CPU
		{8D9F208A-A86E-4B64-B730-F352FC267681}.Release|x86.Build.0 = Release|Any CPU
		{E05F2339-B4E3-467E-9447-ECD3D56B326D}.Debug|Any CPU.ActiveCfg = Debug|Any CPU
		{E05F2339-B4E3-467E-9447-ECD3D56B326D}.Debug|Any CPU.Build.0 = Debug|Any CPU
		{E05F2339-B4E3-467E-9447-ECD3D56B326D}.Debug|x64.ActiveCfg = Debug|Any CPU
		{E05F2339-B4E3-467E-9447-ECD3D56B326D}.Debug|x64.Build.0 = Debug|Any CPU
		{E05F2339-B4E3-467E-9447-ECD3D56B326D}.Debug|x86.ActiveCfg = Debug|Any CPU
		{E05F2339-B4E3-467E-9447-ECD3D56B326D}.Debug|x86.Build.0 = Debug|Any CPU
		{E05F2339-B4E3-467E-9447-ECD3D56B326D}.Release|Any CPU.ActiveCfg = Release|Any CPU
		{E05F2339-B4E3-467E-9447-ECD3D56B326D}.Release|Any CPU.Build.0 = Release|Any CPU
		{E05F2339-B4E3-467E-9447-ECD3D56B326D}.Release|x64.ActiveCfg = Release|Any CPU
		{E05F2339-B4E3-467E-9447-ECD3D56B326D}.Release|x64.Build.0 = Release|Any CPU
		{E05F2339-B4E3-467E-9447-ECD3D56B326D}.Release|x86.ActiveCfg = Release|Any CPU
		{E05F2339-B4E3-467E-9447-ECD3D56B326D}.Release|x86.Build.0 = Release|Any CPU
	EndGlobalSection
EndGlobal
