
Microsoft Visual Studio Solution File, Format Version 12.00
# Visual Studio Version 16
VisualStudioVersion = 16.0.29418.71
MinimumVisualStudioVersion = 10.0.40219.1
Project("{9A19103F-16F7-4668-BE54-9A1E7A4F7556}") = "Penguin.Cms.Modules.Dynamic", "Penguin.Cms.Modules.Dynamic.csproj", "{3BFA2AC6-7E5C-453D-A1A4-C04F0E8080E1}"
EndProject
Global
	GlobalSection(SolutionConfigurationPlatforms) = preSolution
		Debug|Any CPU = Debug|Any CPU
		Release|Any CPU = Release|Any CPU
	EndGlobalSection
	GlobalSection(ProjectConfigurationPlatforms) = postSolution
		{3BFA2AC6-7E5C-453D-A1A4-C04F0E8080E1}.Debug|Any CPU.ActiveCfg = Debug|Any CPU
		{3BFA2AC6-7E5C-453D-A1A4-C04F0E8080E1}.Debug|Any CPU.Build.0 = Debug|Any CPU
		{3BFA2AC6-7E5C-453D-A1A4-C04F0E8080E1}.Release|Any CPU.ActiveCfg = Release|Any CPU
		{3BFA2AC6-7E5C-453D-A1A4-C04F0E8080E1}.Release|Any CPU.Build.0 = Release|Any CPU
	EndGlobalSection
	GlobalSection(SolutionProperties) = preSolution
		HideSolutionNode = FALSE
	EndGlobalSection
	GlobalSection(ExtensibilityGlobals) = postSolution
		SolutionGuid = {CA16C65E-6D04-4FB0-8250-BD22EB2D303F}
	EndGlobalSection
EndGlobal
