
Microsoft Visual Studio Solution File, Format Version 12.00
# Visual Studio 15
VisualStudioVersion = 15.0.26124.0
MinimumVisualStudioVersion = 15.0.26124.0
Project("{FAE04EC0-301F-11D3-BF4B-00C04F79EFBC}") = "Penguin.Cms.Modules.Dynamic.Local", "Penguin.Cms.Modules.Dynamic.Local.csproj", "{F6E087F3-18C3-4547-94E6-C881D02FDF18}"
EndProject
Project("{FAE04EC0-301F-11D3-BF4B-00C04F79EFBC}") = "Penguin.Json.Local", "..\Penguin.Json\Penguin.Json.Local.csproj", "{E553F56D-B034-4AAF-9B65-EBCD946AB0E8}"
EndProject
Project("{FAE04EC0-301F-11D3-BF4B-00C04F79EFBC}") = "Penguin.Json.Abstractions.Local", "..\Penguin.Json.Abstractions\Penguin.Json.Abstractions.Local.csproj", "{AC6818B7-9EBA-4677-A04E-A88D4974C276}"
EndProject
Project("{FAE04EC0-301F-11D3-BF4B-00C04F79EFBC}") = "Penguin.Reflection.Local", "..\Penguin.Reflection\Penguin.Reflection.Local.csproj", "{C2D38751-7D70-4A50-94E2-33F1C5C85167}"
EndProject
Project("{FAE04EC0-301F-11D3-BF4B-00C04F79EFBC}") = "Penguin.Debugging.Local", "..\Penguin.Debugging\Penguin.Debugging.Local.csproj", "{2EA9166A-DB16-4BD4-A6A0-B1C88E2C0FB9}"
EndProject
Project("{FAE04EC0-301F-11D3-BF4B-00C04F79EFBC}") = "Penguin.Extensions.Exceptions.Local", "..\Penguin.Extensions.Exceptions\Penguin.Extensions.Exceptions.Local.csproj", "{4C235F98-591A-4CCB-A2AC-29C6956D4651}"
EndProject
Project("{FAE04EC0-301F-11D3-BF4B-00C04F79EFBC}") = "Penguin.Reflection.Abstractions.Local", "..\Penguin.Reflection.Abstractions\Penguin.Reflection.Abstractions.Local.csproj", "{DCE07EC7-388E-4EA0-8C23-19E661B81ECC}"
EndProject
Project("{FAE04EC0-301F-11D3-BF4B-00C04F79EFBC}") = "Penguin.Reflection.Extensions.Local", "..\Penguin.Reflection.Extensions\Penguin.Reflection.Extensions.Local.csproj", "{08E41332-93C5-4FD6-92F4-44FBA24B9D46}"
EndProject
Project("{FAE04EC0-301F-11D3-BF4B-00C04F79EFBC}") = "Penguin.Extensions.String.Local", "..\Penguin.Extensions.String\Penguin.Extensions.String.Local.csproj", "{9A9DB514-44D1-473C-83EB-D3013F825DD1}"
EndProject
Project("{FAE04EC0-301F-11D3-BF4B-00C04F79EFBC}") = "Penguin.SystemExtensions.Abstractions.Local", "..\Penguin.SystemExtensions.Abstractions\Penguin.SystemExtensions.Abstractions.Local.csproj", "{904750A6-D061-4361-862B-0166F57FD4C8}"
EndProject
Project("{FAE04EC0-301F-11D3-BF4B-00C04F79EFBC}") = "Penguin.Shared.Objects.Local", "..\Penguin.Shared.Objects\Penguin.Shared.Objects.Local.csproj", "{1A7A493B-CE1A-4F22-8B1A-BBD975CDE3BD}"
EndProject
Project("{FAE04EC0-301F-11D3-BF4B-00C04F79EFBC}") = "Penguin.Cms.Errors.Local", "..\Penguin.Cms.Errors\Penguin.Cms.Errors.Local.csproj", "{144C3D99-F7E0-4E99-9DAE-87F3FF210572}"
EndProject
Project("{FAE04EC0-301F-11D3-BF4B-00C04F79EFBC}") = "Penguin.Auditing.Abstractions.Local", "..\Penguin.Auditing.Abstractions\Penguin.Auditing.Abstractions.Local.csproj", "{EC419E77-04FA-4337-968B-7BA4C5317191}"
EndProject
Project("{FAE04EC0-301F-11D3-BF4B-00C04F79EFBC}") = "Penguin.Cms.Entities.Local", "..\Penguin.Cms.Entities\Penguin.Cms.Entities.Local.csproj", "{DB691810-C009-49B3-BED1-DB7DF53146BE}"
EndProject
Project("{FAE04EC0-301F-11D3-BF4B-00C04F79EFBC}") = "Penguin.Persistence.Abstractions.Local", "..\Penguin.Persistence.Abstractions\Penguin.Persistence.Abstractions.Local.csproj", "{84B9F4C2-C5F5-485E-92B7-5EB0E33D1103}"
EndProject
Project("{FAE04EC0-301F-11D3-BF4B-00C04F79EFBC}") = "Penguin.Entities.Abstractions.Local", "..\Penguin.Entities.Abstractions\Penguin.Entities.Abstractions.Local.csproj", "{1E191937-B53E-46E8-9D62-7ED7997CE3EF}"
EndProject
Project("{FAE04EC0-301F-11D3-BF4B-00C04F79EFBC}") = "Penguin.Cms.Repositories.Local", "..\Penguin.Cms.Repositories\Penguin.Cms.Repositories.Local.csproj", "{87BEDF0E-683C-4053-8B96-5E9C8D1C870A}"
EndProject
Project("{FAE04EC0-301F-11D3-BF4B-00C04F79EFBC}") = "Penguin.Persistence.Repositories.Local", "..\Penguin.Persistence.Repositories\Penguin.Persistence.Repositories.Local.csproj", "{807EB54D-93FA-452A-8349-0BCD2E3A71A0}"
EndProject
Project("{FAE04EC0-301F-11D3-BF4B-00C04F79EFBC}") = "Penguin.Messaging.Core.Local", "..\Penguin.Messaging.Core\Penguin.Messaging.Core.Local.csproj", "{35DF9A32-65D1-49C1-BA84-A7864B1F327E}"
EndProject
Project("{FAE04EC0-301F-11D3-BF4B-00C04F79EFBC}") = "Penguin.Messaging.Abstractions.Local", "..\Penguin.Messaging.Abstractions\Penguin.Messaging.Abstractions.Local.csproj", "{BAE4BFFD-F635-48F2-80FD-849B5DDFB930}"
EndProject
Project("{FAE04EC0-301F-11D3-BF4B-00C04F79EFBC}") = "Penguin.DependencyInjection.Abstractions.Local", "..\Penguin.DependencyInjection.Abstractions\Penguin.DependencyInjection.Abstractions.Local.csproj", "{15417DC0-B226-4FF2-B3EC-17D69784587F}"
EndProject
Project("{FAE04EC0-301F-11D3-BF4B-00C04F79EFBC}") = "Penguin.Messaging.Persistence.Local", "..\Penguin.Messaging.Persistence\Penguin.Messaging.Persistence.Local.csproj", "{80A691CF-A0A0-4BF3-94B7-9E6B126E6D77}"
EndProject
Project("{FAE04EC0-301F-11D3-BF4B-00C04F79EFBC}") = "Penguin.Web.Dynamic.Local", "..\Penguin.Web.Dynamic\Penguin.Web.Dynamic.Local.csproj", "{CDCD0ED2-47DB-43FD-A8A1-082E046CD96E}"
EndProject
Project("{FAE04EC0-301F-11D3-BF4B-00C04F79EFBC}") = "Penguin.Extensions.Collections.Local", "..\Penguin.Extensions.Collections\Penguin.Extensions.Collections.Local.csproj", "{EADA79DB-9EE5-41C9-A4B6-8CB2C6D41A62}"
EndProject
Project("{FAE04EC0-301F-11D3-BF4B-00C04F79EFBC}") = "Penguin.Reflection.Serialization.Local", "..\Penguin.Reflection.Serialization\Penguin.Reflection.Serialization.Local.csproj", "{159E4760-4B9D-42E4-A416-CBC207582B5B}"
EndProject
Project("{FAE04EC0-301F-11D3-BF4B-00C04F79EFBC}") = "Penguin.Reflection.Serialization.Abstractions.Local", "..\Penguin.Reflection.Serialization.Abstractions\Penguin.Reflection.Serialization.Abstractions.Local.csproj", "{FE144C15-DD05-4CD0-B4F5-B62E61C9ED9D}"
EndProject
Project("{FAE04EC0-301F-11D3-BF4B-00C04F79EFBC}") = "Penguin.Cms.Modules.Admin.Local", "..\Penguin.Cms.Modules.Admin\Penguin.Cms.Modules.Admin.Local.csproj", "{7A73A233-6A8F-4531-A1A4-39B46898CC52}"
EndProject
Project("{FAE04EC0-301F-11D3-BF4B-00C04F79EFBC}") = "Penguin.Web.Security.Local", "..\Penguin.Web.Security\Penguin.Web.Security.Local.csproj", "{A3F8ED20-154D-4A9A-AC92-1793615C6383}"
EndProject
Project("{FAE04EC0-301F-11D3-BF4B-00C04F79EFBC}") = "Penguin.Security.Abstractions.Local", "..\Penguin.Security.Abstractions\Penguin.Security.Abstractions.Local.csproj", "{9BE5CC3D-0CDC-4D6B-A9F7-893879F9DDAF}"
EndProject
Project("{FAE04EC0-301F-11D3-BF4B-00C04F79EFBC}") = "Penguin.Cms.Modules.Core.Local", "..\Penguin.Cms.Modules.Core\Penguin.Cms.Modules.Core.Local.csproj", "{01DCB3B8-ECAC-4F3B-98E1-4E6BF1501C46}"
EndProject
Project("{FAE04EC0-301F-11D3-BF4B-00C04F79EFBC}") = "Penguin.Navigation.Abstractions.Local", "..\Penguin.Navigation.Abstractions\Penguin.Navigation.Abstractions.Local.csproj", "{46DFC96A-D8F3-4FED-B77C-735DB635660B}"
EndProject
Project("{FAE04EC0-301F-11D3-BF4B-00C04F79EFBC}") = "Penguin.Cms.Core.Local", "..\Penguin.Cms.Core\Penguin.Cms.Core.Local.csproj", "{62D16393-C0B0-4900-BCAC-32E8912ED55C}"
EndProject
Project("{FAE04EC0-301F-11D3-BF4B-00C04F79EFBC}") = "Penguin.Cms.Abstractions.Local", "..\Penguin.Cms.Abstractions\Penguin.Cms.Abstractions.Local.csproj", "{9DE12100-9724-435F-A76C-DD2EE915D32F}"
EndProject
Project("{FAE04EC0-301F-11D3-BF4B-00C04F79EFBC}") = "Penguin.Cms.Web.Local", "..\Penguin.Cms.Web\Penguin.Cms.Web.Local.csproj", "{9E75D05A-54B0-4F94-84B0-18C7BA70BF01}"
EndProject
Project("{FAE04EC0-301F-11D3-BF4B-00C04F79EFBC}") = "Penguin.Messaging.Application.Local", "..\Penguin.Messaging.Application\Penguin.Messaging.Application.Local.csproj", "{7BD6CDEC-BA13-4FB2-AA03-0C2ED9D1732F}"
EndProject
Project("{FAE04EC0-301F-11D3-BF4B-00C04F79EFBC}") = "Penguin.Web.Mvc.Local", "..\Penguin.Web.Mvc\Penguin.Web.Mvc.Local.csproj", "{0B55510F-F9AA-485C-A6F0-FA8A5771D320}"
EndProject
Project("{FAE04EC0-301F-11D3-BF4B-00C04F79EFBC}") = "Penguin.Web.Mvc.Abstractions.Local", "..\Penguin.Web.Mvc.Abstractions\Penguin.Web.Mvc.Abstractions.Local.csproj", "{DAE301F0-F365-43B0-8FEA-F2DECE95DE90}"
EndProject
Project("{FAE04EC0-301F-11D3-BF4B-00C04F79EFBC}") = "Penguin.Templating.Abstractions.Local", "..\Penguin.Templating.Abstractions\Penguin.Templating.Abstractions.Local.csproj", "{0CB713EF-448B-4060-87C2-DD96B4EB0B1B}"
EndProject
Project("{FAE04EC0-301F-11D3-BF4B-00C04F79EFBC}") = "Penguin.Testing.Local", "..\Penguin.Testing\Penguin.Testing.Local.csproj", "{EE113E4C-CE20-41DB-A999-78A634D8CDA6}"
EndProject
Project("{FAE04EC0-301F-11D3-BF4B-00C04F79EFBC}") = "Penguin.Web.Errors.Local", "..\Penguin.Web.Errors\Penguin.Web.Errors.Local.csproj", "{58999A9D-7A1C-41B4-AB9C-F1ED017A800E}"
EndProject
Project("{FAE04EC0-301F-11D3-BF4B-00C04F79EFBC}") = "Penguin.Web.Abstractions.Local", "..\Penguin.Web.Abstractions\Penguin.Web.Abstractions.Local.csproj", "{2829B719-A16F-420B-BD27-1890AD228A96}"
EndProject
Project("{FAE04EC0-301F-11D3-BF4B-00C04F79EFBC}") = "Penguin.Web.DependencyInjection.Local", "..\Penguin.Web.DependencyInjection\Penguin.Web.DependencyInjection.Local.csproj", "{3DE82D7E-DECB-4BE2-A10D-7124BA3213CE}"
EndProject
Project("{FAE04EC0-301F-11D3-BF4B-00C04F79EFBC}") = "Penguin.Web.Testing.Local", "..\Penguin.Web.Testing\Penguin.Web.Testing.Local.csproj", "{28FCC3DA-90CF-438B-A369-85B0D6696E9E}"
EndProject
Project("{FAE04EC0-301F-11D3-BF4B-00C04F79EFBC}") = "Penguin.DependencyInjection.Local", "..\Penguin.DependencyInjection\Penguin.DependencyInjection.Local.csproj", "{2051D7E7-5D9B-4B50-AAE6-B1E087B6EA66}"
EndProject
Project("{FAE04EC0-301F-11D3-BF4B-00C04F79EFBC}") = "Penguin.Configuration.Local", "..\Penguin.Configuration\Penguin.Configuration.Local.csproj", "{F6E0C4C2-EA10-4817-8301-6476D1CFA1CB}"
EndProject
Project("{FAE04EC0-301F-11D3-BF4B-00C04F79EFBC}") = "Penguin.Configuration.Abstractions.Local", "..\Penguin.Configuration.Abstractions\Penguin.Configuration.Abstractions.Local.csproj", "{06E04D66-EA32-41F0-9A00-EEA8C1E5B144}"
EndProject
Project("{FAE04EC0-301F-11D3-BF4B-00C04F79EFBC}") = "Penguin.Persistence.Database.Local", "..\Penguin.Persistence.Database\Penguin.Persistence.Database.Local.csproj", "{2509226D-B6D8-4EE7-861F-B99FCFA10F31}"
EndProject
Project("{FAE04EC0-301F-11D3-BF4B-00C04F79EFBC}") = "Penguin.Threading.BackgroundWorker.Local", "..\Penguin.Threading.BackgroundWorker\Penguin.Threading.BackgroundWorker.Local.csproj", "{9440666C-8539-4140-9A6F-1FA2FB01C458}"
EndProject
Project("{FAE04EC0-301F-11D3-BF4B-00C04F79EFBC}") = "Penguin.Files.Local", "..\Penguin.Files\Penguin.Files.Local.csproj", "{819E3254-81FA-4915-8207-380EAF5A885C}"
EndProject
Project("{FAE04EC0-301F-11D3-BF4B-00C04F79EFBC}") = "Penguin.Files.Abstractions.Local", "..\Penguin.Files.Abstractions\Penguin.Files.Abstractions.Local.csproj", "{2B1B3F66-8F26-403B-BE36-A750513A19EE}"
EndProject
Project("{FAE04EC0-301F-11D3-BF4B-00C04F79EFBC}") = "Penguin.Reflection.Serialization.Extensions.Local", "..\Penguin.Reflection.Serialization.Extensions\Penguin.Reflection.Serialization.Extensions.Local.csproj", "{D14FD160-C9E7-4C4F-BCAD-E7217CD21AF2}"
EndProject
Global
	GlobalSection(SolutionConfigurationPlatforms) = preSolution
		Debug|Any CPU = Debug|Any CPU
		Debug|x64 = Debug|x64
		Debug|x86 = Debug|x86
		Release|Any CPU = Release|Any CPU
		Release|x64 = Release|x64
		Release|x86 = Release|x86
	EndGlobalSection
	GlobalSection(SolutionProperties) = preSolution
		HideSolutionNode = FALSE
	EndGlobalSection
	GlobalSection(ProjectConfigurationPlatforms) = postSolution
		{F6E087F3-18C3-4547-94E6-C881D02FDF18}.Debug|Any CPU.ActiveCfg = Debug|Any CPU
		{F6E087F3-18C3-4547-94E6-C881D02FDF18}.Debug|Any CPU.Build.0 = Debug|Any CPU
		{F6E087F3-18C3-4547-94E6-C881D02FDF18}.Debug|x64.ActiveCfg = Debug|Any CPU
		{F6E087F3-18C3-4547-94E6-C881D02FDF18}.Debug|x64.Build.0 = Debug|Any CPU
		{F6E087F3-18C3-4547-94E6-C881D02FDF18}.Debug|x86.ActiveCfg = Debug|Any CPU
		{F6E087F3-18C3-4547-94E6-C881D02FDF18}.Debug|x86.Build.0 = Debug|Any CPU
		{F6E087F3-18C3-4547-94E6-C881D02FDF18}.Release|Any CPU.ActiveCfg = Release|Any CPU
		{F6E087F3-18C3-4547-94E6-C881D02FDF18}.Release|Any CPU.Build.0 = Release|Any CPU
		{F6E087F3-18C3-4547-94E6-C881D02FDF18}.Release|x64.ActiveCfg = Release|Any CPU
		{F6E087F3-18C3-4547-94E6-C881D02FDF18}.Release|x64.Build.0 = Release|Any CPU
		{F6E087F3-18C3-4547-94E6-C881D02FDF18}.Release|x86.ActiveCfg = Release|Any CPU
		{F6E087F3-18C3-4547-94E6-C881D02FDF18}.Release|x86.Build.0 = Release|Any CPU
		{E553F56D-B034-4AAF-9B65-EBCD946AB0E8}.Debug|Any CPU.ActiveCfg = Debug|Any CPU
		{E553F56D-B034-4AAF-9B65-EBCD946AB0E8}.Debug|Any CPU.Build.0 = Debug|Any CPU
		{E553F56D-B034-4AAF-9B65-EBCD946AB0E8}.Debug|x64.ActiveCfg = Debug|Any CPU
		{E553F56D-B034-4AAF-9B65-EBCD946AB0E8}.Debug|x64.Build.0 = Debug|Any CPU
		{E553F56D-B034-4AAF-9B65-EBCD946AB0E8}.Debug|x86.ActiveCfg = Debug|Any CPU
		{E553F56D-B034-4AAF-9B65-EBCD946AB0E8}.Debug|x86.Build.0 = Debug|Any CPU
		{E553F56D-B034-4AAF-9B65-EBCD946AB0E8}.Release|Any CPU.ActiveCfg = Release|Any CPU
		{E553F56D-B034-4AAF-9B65-EBCD946AB0E8}.Release|Any CPU.Build.0 = Release|Any CPU
		{E553F56D-B034-4AAF-9B65-EBCD946AB0E8}.Release|x64.ActiveCfg = Release|Any CPU
		{E553F56D-B034-4AAF-9B65-EBCD946AB0E8}.Release|x64.Build.0 = Release|Any CPU
		{E553F56D-B034-4AAF-9B65-EBCD946AB0E8}.Release|x86.ActiveCfg = Release|Any CPU
		{E553F56D-B034-4AAF-9B65-EBCD946AB0E8}.Release|x86.Build.0 = Release|Any CPU
		{AC6818B7-9EBA-4677-A04E-A88D4974C276}.Debug|Any CPU.ActiveCfg = Debug|Any CPU
		{AC6818B7-9EBA-4677-A04E-A88D4974C276}.Debug|Any CPU.Build.0 = Debug|Any CPU
		{AC6818B7-9EBA-4677-A04E-A88D4974C276}.Debug|x64.ActiveCfg = Debug|Any CPU
		{AC6818B7-9EBA-4677-A04E-A88D4974C276}.Debug|x64.Build.0 = Debug|Any CPU
		{AC6818B7-9EBA-4677-A04E-A88D4974C276}.Debug|x86.ActiveCfg = Debug|Any CPU
		{AC6818B7-9EBA-4677-A04E-A88D4974C276}.Debug|x86.Build.0 = Debug|Any CPU
		{AC6818B7-9EBA-4677-A04E-A88D4974C276}.Release|Any CPU.ActiveCfg = Release|Any CPU
		{AC6818B7-9EBA-4677-A04E-A88D4974C276}.Release|Any CPU.Build.0 = Release|Any CPU
		{AC6818B7-9EBA-4677-A04E-A88D4974C276}.Release|x64.ActiveCfg = Release|Any CPU
		{AC6818B7-9EBA-4677-A04E-A88D4974C276}.Release|x64.Build.0 = Release|Any CPU
		{AC6818B7-9EBA-4677-A04E-A88D4974C276}.Release|x86.ActiveCfg = Release|Any CPU
		{AC6818B7-9EBA-4677-A04E-A88D4974C276}.Release|x86.Build.0 = Release|Any CPU
		{C2D38751-7D70-4A50-94E2-33F1C5C85167}.Debug|Any CPU.ActiveCfg = Debug|Any CPU
		{C2D38751-7D70-4A50-94E2-33F1C5C85167}.Debug|Any CPU.Build.0 = Debug|Any CPU
		{C2D38751-7D70-4A50-94E2-33F1C5C85167}.Debug|x64.ActiveCfg = Debug|Any CPU
		{C2D38751-7D70-4A50-94E2-33F1C5C85167}.Debug|x64.Build.0 = Debug|Any CPU
		{C2D38751-7D70-4A50-94E2-33F1C5C85167}.Debug|x86.ActiveCfg = Debug|Any CPU
		{C2D38751-7D70-4A50-94E2-33F1C5C85167}.Debug|x86.Build.0 = Debug|Any CPU
		{C2D38751-7D70-4A50-94E2-33F1C5C85167}.Release|Any CPU.ActiveCfg = Release|Any CPU
		{C2D38751-7D70-4A50-94E2-33F1C5C85167}.Release|Any CPU.Build.0 = Release|Any CPU
		{C2D38751-7D70-4A50-94E2-33F1C5C85167}.Release|x64.ActiveCfg = Release|Any CPU
		{C2D38751-7D70-4A50-94E2-33F1C5C85167}.Release|x64.Build.0 = Release|Any CPU
		{C2D38751-7D70-4A50-94E2-33F1C5C85167}.Release|x86.ActiveCfg = Release|Any CPU
		{C2D38751-7D70-4A50-94E2-33F1C5C85167}.Release|x86.Build.0 = Release|Any CPU
		{2EA9166A-DB16-4BD4-A6A0-B1C88E2C0FB9}.Debug|Any CPU.ActiveCfg = Debug|Any CPU
		{2EA9166A-DB16-4BD4-A6A0-B1C88E2C0FB9}.Debug|Any CPU.Build.0 = Debug|Any CPU
		{2EA9166A-DB16-4BD4-A6A0-B1C88E2C0FB9}.Debug|x64.ActiveCfg = Debug|Any CPU
		{2EA9166A-DB16-4BD4-A6A0-B1C88E2C0FB9}.Debug|x64.Build.0 = Debug|Any CPU
		{2EA9166A-DB16-4BD4-A6A0-B1C88E2C0FB9}.Debug|x86.ActiveCfg = Debug|Any CPU
		{2EA9166A-DB16-4BD4-A6A0-B1C88E2C0FB9}.Debug|x86.Build.0 = Debug|Any CPU
		{2EA9166A-DB16-4BD4-A6A0-B1C88E2C0FB9}.Release|Any CPU.ActiveCfg = Release|Any CPU
		{2EA9166A-DB16-4BD4-A6A0-B1C88E2C0FB9}.Release|Any CPU.Build.0 = Release|Any CPU
		{2EA9166A-DB16-4BD4-A6A0-B1C88E2C0FB9}.Release|x64.ActiveCfg = Release|Any CPU
		{2EA9166A-DB16-4BD4-A6A0-B1C88E2C0FB9}.Release|x64.Build.0 = Release|Any CPU
		{2EA9166A-DB16-4BD4-A6A0-B1C88E2C0FB9}.Release|x86.ActiveCfg = Release|Any CPU
		{2EA9166A-DB16-4BD4-A6A0-B1C88E2C0FB9}.Release|x86.Build.0 = Release|Any CPU
		{4C235F98-591A-4CCB-A2AC-29C6956D4651}.Debug|Any CPU.ActiveCfg = Debug|Any CPU
		{4C235F98-591A-4CCB-A2AC-29C6956D4651}.Debug|Any CPU.Build.0 = Debug|Any CPU
		{4C235F98-591A-4CCB-A2AC-29C6956D4651}.Debug|x64.ActiveCfg = Debug|Any CPU
		{4C235F98-591A-4CCB-A2AC-29C6956D4651}.Debug|x64.Build.0 = Debug|Any CPU
		{4C235F98-591A-4CCB-A2AC-29C6956D4651}.Debug|x86.ActiveCfg = Debug|Any CPU
		{4C235F98-591A-4CCB-A2AC-29C6956D4651}.Debug|x86.Build.0 = Debug|Any CPU
		{4C235F98-591A-4CCB-A2AC-29C6956D4651}.Release|Any CPU.ActiveCfg = Release|Any CPU
		{4C235F98-591A-4CCB-A2AC-29C6956D4651}.Release|Any CPU.Build.0 = Release|Any CPU
		{4C235F98-591A-4CCB-A2AC-29C6956D4651}.Release|x64.ActiveCfg = Release|Any CPU
		{4C235F98-591A-4CCB-A2AC-29C6956D4651}.Release|x64.Build.0 = Release|Any CPU
		{4C235F98-591A-4CCB-A2AC-29C6956D4651}.Release|x86.ActiveCfg = Release|Any CPU
		{4C235F98-591A-4CCB-A2AC-29C6956D4651}.Release|x86.Build.0 = Release|Any CPU
		{DCE07EC7-388E-4EA0-8C23-19E661B81ECC}.Debug|Any CPU.ActiveCfg = Debug|Any CPU
		{DCE07EC7-388E-4EA0-8C23-19E661B81ECC}.Debug|Any CPU.Build.0 = Debug|Any CPU
		{DCE07EC7-388E-4EA0-8C23-19E661B81ECC}.Debug|x64.ActiveCfg = Debug|Any CPU
		{DCE07EC7-388E-4EA0-8C23-19E661B81ECC}.Debug|x64.Build.0 = Debug|Any CPU
		{DCE07EC7-388E-4EA0-8C23-19E661B81ECC}.Debug|x86.ActiveCfg = Debug|Any CPU
		{DCE07EC7-388E-4EA0-8C23-19E661B81ECC}.Debug|x86.Build.0 = Debug|Any CPU
		{DCE07EC7-388E-4EA0-8C23-19E661B81ECC}.Release|Any CPU.ActiveCfg = Release|Any CPU
		{DCE07EC7-388E-4EA0-8C23-19E661B81ECC}.Release|Any CPU.Build.0 = Release|Any CPU
		{DCE07EC7-388E-4EA0-8C23-19E661B81ECC}.Release|x64.ActiveCfg = Release|Any CPU
		{DCE07EC7-388E-4EA0-8C23-19E661B81ECC}.Release|x64.Build.0 = Release|Any CPU
		{DCE07EC7-388E-4EA0-8C23-19E661B81ECC}.Release|x86.ActiveCfg = Release|Any CPU
		{DCE07EC7-388E-4EA0-8C23-19E661B81ECC}.Release|x86.Build.0 = Release|Any CPU
		{08E41332-93C5-4FD6-92F4-44FBA24B9D46}.Debug|Any CPU.ActiveCfg = Debug|Any CPU
		{08E41332-93C5-4FD6-92F4-44FBA24B9D46}.Debug|Any CPU.Build.0 = Debug|Any CPU
		{08E41332-93C5-4FD6-92F4-44FBA24B9D46}.Debug|x64.ActiveCfg = Debug|Any CPU
		{08E41332-93C5-4FD6-92F4-44FBA24B9D46}.Debug|x64.Build.0 = Debug|Any CPU
		{08E41332-93C5-4FD6-92F4-44FBA24B9D46}.Debug|x86.ActiveCfg = Debug|Any CPU
		{08E41332-93C5-4FD6-92F4-44FBA24B9D46}.Debug|x86.Build.0 = Debug|Any CPU
		{08E41332-93C5-4FD6-92F4-44FBA24B9D46}.Release|Any CPU.ActiveCfg = Release|Any CPU
		{08E41332-93C5-4FD6-92F4-44FBA24B9D46}.Release|Any CPU.Build.0 = Release|Any CPU
		{08E41332-93C5-4FD6-92F4-44FBA24B9D46}.Release|x64.ActiveCfg = Release|Any CPU
		{08E41332-93C5-4FD6-92F4-44FBA24B9D46}.Release|x64.Build.0 = Release|Any CPU
		{08E41332-93C5-4FD6-92F4-44FBA24B9D46}.Release|x86.ActiveCfg = Release|Any CPU
		{08E41332-93C5-4FD6-92F4-44FBA24B9D46}.Release|x86.Build.0 = Release|Any CPU
		{9A9DB514-44D1-473C-83EB-D3013F825DD1}.Debug|Any CPU.ActiveCfg = Debug|Any CPU
		{9A9DB514-44D1-473C-83EB-D3013F825DD1}.Debug|Any CPU.Build.0 = Debug|Any CPU
		{9A9DB514-44D1-473C-83EB-D3013F825DD1}.Debug|x64.ActiveCfg = Debug|Any CPU
		{9A9DB514-44D1-473C-83EB-D3013F825DD1}.Debug|x64.Build.0 = Debug|Any CPU
		{9A9DB514-44D1-473C-83EB-D3013F825DD1}.Debug|x86.ActiveCfg = Debug|Any CPU
		{9A9DB514-44D1-473C-83EB-D3013F825DD1}.Debug|x86.Build.0 = Debug|Any CPU
		{9A9DB514-44D1-473C-83EB-D3013F825DD1}.Release|Any CPU.ActiveCfg = Release|Any CPU
		{9A9DB514-44D1-473C-83EB-D3013F825DD1}.Release|Any CPU.Build.0 = Release|Any CPU
		{9A9DB514-44D1-473C-83EB-D3013F825DD1}.Release|x64.ActiveCfg = Release|Any CPU
		{9A9DB514-44D1-473C-83EB-D3013F825DD1}.Release|x64.Build.0 = Release|Any CPU
		{9A9DB514-44D1-473C-83EB-D3013F825DD1}.Release|x86.ActiveCfg = Release|Any CPU
		{9A9DB514-44D1-473C-83EB-D3013F825DD1}.Release|x86.Build.0 = Release|Any CPU
		{904750A6-D061-4361-862B-0166F57FD4C8}.Debug|Any CPU.ActiveCfg = Debug|Any CPU
		{904750A6-D061-4361-862B-0166F57FD4C8}.Debug|Any CPU.Build.0 = Debug|Any CPU
		{904750A6-D061-4361-862B-0166F57FD4C8}.Debug|x64.ActiveCfg = Debug|Any CPU
		{904750A6-D061-4361-862B-0166F57FD4C8}.Debug|x64.Build.0 = Debug|Any CPU
		{904750A6-D061-4361-862B-0166F57FD4C8}.Debug|x86.ActiveCfg = Debug|Any CPU
		{904750A6-D061-4361-862B-0166F57FD4C8}.Debug|x86.Build.0 = Debug|Any CPU
		{904750A6-D061-4361-862B-0166F57FD4C8}.Release|Any CPU.ActiveCfg = Release|Any CPU
		{904750A6-D061-4361-862B-0166F57FD4C8}.Release|Any CPU.Build.0 = Release|Any CPU
		{904750A6-D061-4361-862B-0166F57FD4C8}.Release|x64.ActiveCfg = Release|Any CPU
		{904750A6-D061-4361-862B-0166F57FD4C8}.Release|x64.Build.0 = Release|Any CPU
		{904750A6-D061-4361-862B-0166F57FD4C8}.Release|x86.ActiveCfg = Release|Any CPU
		{904750A6-D061-4361-862B-0166F57FD4C8}.Release|x86.Build.0 = Release|Any CPU
		{1A7A493B-CE1A-4F22-8B1A-BBD975CDE3BD}.Debug|Any CPU.ActiveCfg = Debug|Any CPU
		{1A7A493B-CE1A-4F22-8B1A-BBD975CDE3BD}.Debug|Any CPU.Build.0 = Debug|Any CPU
		{1A7A493B-CE1A-4F22-8B1A-BBD975CDE3BD}.Debug|x64.ActiveCfg = Debug|Any CPU
		{1A7A493B-CE1A-4F22-8B1A-BBD975CDE3BD}.Debug|x64.Build.0 = Debug|Any CPU
		{1A7A493B-CE1A-4F22-8B1A-BBD975CDE3BD}.Debug|x86.ActiveCfg = Debug|Any CPU
		{1A7A493B-CE1A-4F22-8B1A-BBD975CDE3BD}.Debug|x86.Build.0 = Debug|Any CPU
		{1A7A493B-CE1A-4F22-8B1A-BBD975CDE3BD}.Release|Any CPU.ActiveCfg = Release|Any CPU
		{1A7A493B-CE1A-4F22-8B1A-BBD975CDE3BD}.Release|Any CPU.Build.0 = Release|Any CPU
		{1A7A493B-CE1A-4F22-8B1A-BBD975CDE3BD}.Release|x64.ActiveCfg = Release|Any CPU
		{1A7A493B-CE1A-4F22-8B1A-BBD975CDE3BD}.Release|x64.Build.0 = Release|Any CPU
		{1A7A493B-CE1A-4F22-8B1A-BBD975CDE3BD}.Release|x86.ActiveCfg = Release|Any CPU
		{1A7A493B-CE1A-4F22-8B1A-BBD975CDE3BD}.Release|x86.Build.0 = Release|Any CPU
		{144C3D99-F7E0-4E99-9DAE-87F3FF210572}.Debug|Any CPU.ActiveCfg = Debug|Any CPU
		{144C3D99-F7E0-4E99-9DAE-87F3FF210572}.Debug|Any CPU.Build.0 = Debug|Any CPU
		{144C3D99-F7E0-4E99-9DAE-87F3FF210572}.Debug|x64.ActiveCfg = Debug|Any CPU
		{144C3D99-F7E0-4E99-9DAE-87F3FF210572}.Debug|x64.Build.0 = Debug|Any CPU
		{144C3D99-F7E0-4E99-9DAE-87F3FF210572}.Debug|x86.ActiveCfg = Debug|Any CPU
		{144C3D99-F7E0-4E99-9DAE-87F3FF210572}.Debug|x86.Build.0 = Debug|Any CPU
		{144C3D99-F7E0-4E99-9DAE-87F3FF210572}.Release|Any CPU.ActiveCfg = Release|Any CPU
		{144C3D99-F7E0-4E99-9DAE-87F3FF210572}.Release|Any CPU.Build.0 = Release|Any CPU
		{144C3D99-F7E0-4E99-9DAE-87F3FF210572}.Release|x64.ActiveCfg = Release|Any CPU
		{144C3D99-F7E0-4E99-9DAE-87F3FF210572}.Release|x64.Build.0 = Release|Any CPU
		{144C3D99-F7E0-4E99-9DAE-87F3FF210572}.Release|x86.ActiveCfg = Release|Any CPU
		{144C3D99-F7E0-4E99-9DAE-87F3FF210572}.Release|x86.Build.0 = Release|Any CPU
		{EC419E77-04FA-4337-968B-7BA4C5317191}.Debug|Any CPU.ActiveCfg = Debug|Any CPU
		{EC419E77-04FA-4337-968B-7BA4C5317191}.Debug|Any CPU.Build.0 = Debug|Any CPU
		{EC419E77-04FA-4337-968B-7BA4C5317191}.Debug|x64.ActiveCfg = Debug|Any CPU
		{EC419E77-04FA-4337-968B-7BA4C5317191}.Debug|x64.Build.0 = Debug|Any CPU
		{EC419E77-04FA-4337-968B-7BA4C5317191}.Debug|x86.ActiveCfg = Debug|Any CPU
		{EC419E77-04FA-4337-968B-7BA4C5317191}.Debug|x86.Build.0 = Debug|Any CPU
		{EC419E77-04FA-4337-968B-7BA4C5317191}.Release|Any CPU.ActiveCfg = Release|Any CPU
		{EC419E77-04FA-4337-968B-7BA4C5317191}.Release|Any CPU.Build.0 = Release|Any CPU
		{EC419E77-04FA-4337-968B-7BA4C5317191}.Release|x64.ActiveCfg = Release|Any CPU
		{EC419E77-04FA-4337-968B-7BA4C5317191}.Release|x64.Build.0 = Release|Any CPU
		{EC419E77-04FA-4337-968B-7BA4C5317191}.Release|x86.ActiveCfg = Release|Any CPU
		{EC419E77-04FA-4337-968B-7BA4C5317191}.Release|x86.Build.0 = Release|Any CPU
		{DB691810-C009-49B3-BED1-DB7DF53146BE}.Debug|Any CPU.ActiveCfg = Debug|Any CPU
		{DB691810-C009-49B3-BED1-DB7DF53146BE}.Debug|Any CPU.Build.0 = Debug|Any CPU
		{DB691810-C009-49B3-BED1-DB7DF53146BE}.Debug|x64.ActiveCfg = Debug|Any CPU
		{DB691810-C009-49B3-BED1-DB7DF53146BE}.Debug|x64.Build.0 = Debug|Any CPU
		{DB691810-C009-49B3-BED1-DB7DF53146BE}.Debug|x86.ActiveCfg = Debug|Any CPU
		{DB691810-C009-49B3-BED1-DB7DF53146BE}.Debug|x86.Build.0 = Debug|Any CPU
		{DB691810-C009-49B3-BED1-DB7DF53146BE}.Release|Any CPU.ActiveCfg = Release|Any CPU
		{DB691810-C009-49B3-BED1-DB7DF53146BE}.Release|Any CPU.Build.0 = Release|Any CPU
		{DB691810-C009-49B3-BED1-DB7DF53146BE}.Release|x64.ActiveCfg = Release|Any CPU
		{DB691810-C009-49B3-BED1-DB7DF53146BE}.Release|x64.Build.0 = Release|Any CPU
		{DB691810-C009-49B3-BED1-DB7DF53146BE}.Release|x86.ActiveCfg = Release|Any CPU
		{DB691810-C009-49B3-BED1-DB7DF53146BE}.Release|x86.Build.0 = Release|Any CPU
		{84B9F4C2-C5F5-485E-92B7-5EB0E33D1103}.Debug|Any CPU.ActiveCfg = Debug|Any CPU
		{84B9F4C2-C5F5-485E-92B7-5EB0E33D1103}.Debug|Any CPU.Build.0 = Debug|Any CPU
		{84B9F4C2-C5F5-485E-92B7-5EB0E33D1103}.Debug|x64.ActiveCfg = Debug|Any CPU
		{84B9F4C2-C5F5-485E-92B7-5EB0E33D1103}.Debug|x64.Build.0 = Debug|Any CPU
		{84B9F4C2-C5F5-485E-92B7-5EB0E33D1103}.Debug|x86.ActiveCfg = Debug|Any CPU
		{84B9F4C2-C5F5-485E-92B7-5EB0E33D1103}.Debug|x86.Build.0 = Debug|Any CPU
		{84B9F4C2-C5F5-485E-92B7-5EB0E33D1103}.Release|Any CPU.ActiveCfg = Release|Any CPU
		{84B9F4C2-C5F5-485E-92B7-5EB0E33D1103}.Release|Any CPU.Build.0 = Release|Any CPU
		{84B9F4C2-C5F5-485E-92B7-5EB0E33D1103}.Release|x64.ActiveCfg = Release|Any CPU
		{84B9F4C2-C5F5-485E-92B7-5EB0E33D1103}.Release|x64.Build.0 = Release|Any CPU
		{84B9F4C2-C5F5-485E-92B7-5EB0E33D1103}.Release|x86.ActiveCfg = Release|Any CPU
		{84B9F4C2-C5F5-485E-92B7-5EB0E33D1103}.Release|x86.Build.0 = Release|Any CPU
		{1E191937-B53E-46E8-9D62-7ED7997CE3EF}.Debug|Any CPU.ActiveCfg = Debug|Any CPU
		{1E191937-B53E-46E8-9D62-7ED7997CE3EF}.Debug|Any CPU.Build.0 = Debug|Any CPU
		{1E191937-B53E-46E8-9D62-7ED7997CE3EF}.Debug|x64.ActiveCfg = Debug|Any CPU
		{1E191937-B53E-46E8-9D62-7ED7997CE3EF}.Debug|x64.Build.0 = Debug|Any CPU
		{1E191937-B53E-46E8-9D62-7ED7997CE3EF}.Debug|x86.ActiveCfg = Debug|Any CPU
		{1E191937-B53E-46E8-9D62-7ED7997CE3EF}.Debug|x86.Build.0 = Debug|Any CPU
		{1E191937-B53E-46E8-9D62-7ED7997CE3EF}.Release|Any CPU.ActiveCfg = Release|Any CPU
		{1E191937-B53E-46E8-9D62-7ED7997CE3EF}.Release|Any CPU.Build.0 = Release|Any CPU
		{1E191937-B53E-46E8-9D62-7ED7997CE3EF}.Release|x64.ActiveCfg = Release|Any CPU
		{1E191937-B53E-46E8-9D62-7ED7997CE3EF}.Release|x64.Build.0 = Release|Any CPU
		{1E191937-B53E-46E8-9D62-7ED7997CE3EF}.Release|x86.ActiveCfg = Release|Any CPU
		{1E191937-B53E-46E8-9D62-7ED7997CE3EF}.Release|x86.Build.0 = Release|Any CPU
		{87BEDF0E-683C-4053-8B96-5E9C8D1C870A}.Debug|Any CPU.ActiveCfg = Debug|Any CPU
		{87BEDF0E-683C-4053-8B96-5E9C8D1C870A}.Debug|Any CPU.Build.0 = Debug|Any CPU
		{87BEDF0E-683C-4053-8B96-5E9C8D1C870A}.Debug|x64.ActiveCfg = Debug|Any CPU
		{87BEDF0E-683C-4053-8B96-5E9C8D1C870A}.Debug|x64.Build.0 = Debug|Any CPU
		{87BEDF0E-683C-4053-8B96-5E9C8D1C870A}.Debug|x86.ActiveCfg = Debug|Any CPU
		{87BEDF0E-683C-4053-8B96-5E9C8D1C870A}.Debug|x86.Build.0 = Debug|Any CPU
		{87BEDF0E-683C-4053-8B96-5E9C8D1C870A}.Release|Any CPU.ActiveCfg = Release|Any CPU
		{87BEDF0E-683C-4053-8B96-5E9C8D1C870A}.Release|Any CPU.Build.0 = Release|Any CPU
		{87BEDF0E-683C-4053-8B96-5E9C8D1C870A}.Release|x64.ActiveCfg = Release|Any CPU
		{87BEDF0E-683C-4053-8B96-5E9C8D1C870A}.Release|x64.Build.0 = Release|Any CPU
		{87BEDF0E-683C-4053-8B96-5E9C8D1C870A}.Release|x86.ActiveCfg = Release|Any CPU
		{87BEDF0E-683C-4053-8B96-5E9C8D1C870A}.Release|x86.Build.0 = Release|Any CPU
		{807EB54D-93FA-452A-8349-0BCD2E3A71A0}.Debug|Any CPU.ActiveCfg = Debug|Any CPU
		{807EB54D-93FA-452A-8349-0BCD2E3A71A0}.Debug|Any CPU.Build.0 = Debug|Any CPU
		{807EB54D-93FA-452A-8349-0BCD2E3A71A0}.Debug|x64.ActiveCfg = Debug|Any CPU
		{807EB54D-93FA-452A-8349-0BCD2E3A71A0}.Debug|x64.Build.0 = Debug|Any CPU
		{807EB54D-93FA-452A-8349-0BCD2E3A71A0}.Debug|x86.ActiveCfg = Debug|Any CPU
		{807EB54D-93FA-452A-8349-0BCD2E3A71A0}.Debug|x86.Build.0 = Debug|Any CPU
		{807EB54D-93FA-452A-8349-0BCD2E3A71A0}.Release|Any CPU.ActiveCfg = Release|Any CPU
		{807EB54D-93FA-452A-8349-0BCD2E3A71A0}.Release|Any CPU.Build.0 = Release|Any CPU
		{807EB54D-93FA-452A-8349-0BCD2E3A71A0}.Release|x64.ActiveCfg = Release|Any CPU
		{807EB54D-93FA-452A-8349-0BCD2E3A71A0}.Release|x64.Build.0 = Release|Any CPU
		{807EB54D-93FA-452A-8349-0BCD2E3A71A0}.Release|x86.ActiveCfg = Release|Any CPU
		{807EB54D-93FA-452A-8349-0BCD2E3A71A0}.Release|x86.Build.0 = Release|Any CPU
		{35DF9A32-65D1-49C1-BA84-A7864B1F327E}.Debug|Any CPU.ActiveCfg = Debug|Any CPU
		{35DF9A32-65D1-49C1-BA84-A7864B1F327E}.Debug|Any CPU.Build.0 = Debug|Any CPU
		{35DF9A32-65D1-49C1-BA84-A7864B1F327E}.Debug|x64.ActiveCfg = Debug|Any CPU
		{35DF9A32-65D1-49C1-BA84-A7864B1F327E}.Debug|x64.Build.0 = Debug|Any CPU
		{35DF9A32-65D1-49C1-BA84-A7864B1F327E}.Debug|x86.ActiveCfg = Debug|Any CPU
		{35DF9A32-65D1-49C1-BA84-A7864B1F327E}.Debug|x86.Build.0 = Debug|Any CPU
		{35DF9A32-65D1-49C1-BA84-A7864B1F327E}.Release|Any CPU.ActiveCfg = Release|Any CPU
		{35DF9A32-65D1-49C1-BA84-A7864B1F327E}.Release|Any CPU.Build.0 = Release|Any CPU
		{35DF9A32-65D1-49C1-BA84-A7864B1F327E}.Release|x64.ActiveCfg = Release|Any CPU
		{35DF9A32-65D1-49C1-BA84-A7864B1F327E}.Release|x64.Build.0 = Release|Any CPU
		{35DF9A32-65D1-49C1-BA84-A7864B1F327E}.Release|x86.ActiveCfg = Release|Any CPU
		{35DF9A32-65D1-49C1-BA84-A7864B1F327E}.Release|x86.Build.0 = Release|Any CPU
		{BAE4BFFD-F635-48F2-80FD-849B5DDFB930}.Debug|Any CPU.ActiveCfg = Debug|Any CPU
		{BAE4BFFD-F635-48F2-80FD-849B5DDFB930}.Debug|Any CPU.Build.0 = Debug|Any CPU
		{BAE4BFFD-F635-48F2-80FD-849B5DDFB930}.Debug|x64.ActiveCfg = Debug|Any CPU
		{BAE4BFFD-F635-48F2-80FD-849B5DDFB930}.Debug|x64.Build.0 = Debug|Any CPU
		{BAE4BFFD-F635-48F2-80FD-849B5DDFB930}.Debug|x86.ActiveCfg = Debug|Any CPU
		{BAE4BFFD-F635-48F2-80FD-849B5DDFB930}.Debug|x86.Build.0 = Debug|Any CPU
		{BAE4BFFD-F635-48F2-80FD-849B5DDFB930}.Release|Any CPU.ActiveCfg = Release|Any CPU
		{BAE4BFFD-F635-48F2-80FD-849B5DDFB930}.Release|Any CPU.Build.0 = Release|Any CPU
		{BAE4BFFD-F635-48F2-80FD-849B5DDFB930}.Release|x64.ActiveCfg = Release|Any CPU
		{BAE4BFFD-F635-48F2-80FD-849B5DDFB930}.Release|x64.Build.0 = Release|Any CPU
		{BAE4BFFD-F635-48F2-80FD-849B5DDFB930}.Release|x86.ActiveCfg = Release|Any CPU
		{BAE4BFFD-F635-48F2-80FD-849B5DDFB930}.Release|x86.Build.0 = Release|Any CPU
		{15417DC0-B226-4FF2-B3EC-17D69784587F}.Debug|Any CPU.ActiveCfg = Debug|Any CPU
		{15417DC0-B226-4FF2-B3EC-17D69784587F}.Debug|Any CPU.Build.0 = Debug|Any CPU
		{15417DC0-B226-4FF2-B3EC-17D69784587F}.Debug|x64.ActiveCfg = Debug|Any CPU
		{15417DC0-B226-4FF2-B3EC-17D69784587F}.Debug|x64.Build.0 = Debug|Any CPU
		{15417DC0-B226-4FF2-B3EC-17D69784587F}.Debug|x86.ActiveCfg = Debug|Any CPU
		{15417DC0-B226-4FF2-B3EC-17D69784587F}.Debug|x86.Build.0 = Debug|Any CPU
		{15417DC0-B226-4FF2-B3EC-17D69784587F}.Release|Any CPU.ActiveCfg = Release|Any CPU
		{15417DC0-B226-4FF2-B3EC-17D69784587F}.Release|Any CPU.Build.0 = Release|Any CPU
		{15417DC0-B226-4FF2-B3EC-17D69784587F}.Release|x64.ActiveCfg = Release|Any CPU
		{15417DC0-B226-4FF2-B3EC-17D69784587F}.Release|x64.Build.0 = Release|Any CPU
		{15417DC0-B226-4FF2-B3EC-17D69784587F}.Release|x86.ActiveCfg = Release|Any CPU
		{15417DC0-B226-4FF2-B3EC-17D69784587F}.Release|x86.Build.0 = Release|Any CPU
		{80A691CF-A0A0-4BF3-94B7-9E6B126E6D77}.Debug|Any CPU.ActiveCfg = Debug|Any CPU
		{80A691CF-A0A0-4BF3-94B7-9E6B126E6D77}.Debug|Any CPU.Build.0 = Debug|Any CPU
		{80A691CF-A0A0-4BF3-94B7-9E6B126E6D77}.Debug|x64.ActiveCfg = Debug|Any CPU
		{80A691CF-A0A0-4BF3-94B7-9E6B126E6D77}.Debug|x64.Build.0 = Debug|Any CPU
		{80A691CF-A0A0-4BF3-94B7-9E6B126E6D77}.Debug|x86.ActiveCfg = Debug|Any CPU
		{80A691CF-A0A0-4BF3-94B7-9E6B126E6D77}.Debug|x86.Build.0 = Debug|Any CPU
		{80A691CF-A0A0-4BF3-94B7-9E6B126E6D77}.Release|Any CPU.ActiveCfg = Release|Any CPU
		{80A691CF-A0A0-4BF3-94B7-9E6B126E6D77}.Release|Any CPU.Build.0 = Release|Any CPU
		{80A691CF-A0A0-4BF3-94B7-9E6B126E6D77}.Release|x64.ActiveCfg = Release|Any CPU
		{80A691CF-A0A0-4BF3-94B7-9E6B126E6D77}.Release|x64.Build.0 = Release|Any CPU
		{80A691CF-A0A0-4BF3-94B7-9E6B126E6D77}.Release|x86.ActiveCfg = Release|Any CPU
		{80A691CF-A0A0-4BF3-94B7-9E6B126E6D77}.Release|x86.Build.0 = Release|Any CPU
		{CDCD0ED2-47DB-43FD-A8A1-082E046CD96E}.Debug|Any CPU.ActiveCfg = Debug|Any CPU
		{CDCD0ED2-47DB-43FD-A8A1-082E046CD96E}.Debug|Any CPU.Build.0 = Debug|Any CPU
		{CDCD0ED2-47DB-43FD-A8A1-082E046CD96E}.Debug|x64.ActiveCfg = Debug|Any CPU
		{CDCD0ED2-47DB-43FD-A8A1-082E046CD96E}.Debug|x64.Build.0 = Debug|Any CPU
		{CDCD0ED2-47DB-43FD-A8A1-082E046CD96E}.Debug|x86.ActiveCfg = Debug|Any CPU
		{CDCD0ED2-47DB-43FD-A8A1-082E046CD96E}.Debug|x86.Build.0 = Debug|Any CPU
		{CDCD0ED2-47DB-43FD-A8A1-082E046CD96E}.Release|Any CPU.ActiveCfg = Release|Any CPU
		{CDCD0ED2-47DB-43FD-A8A1-082E046CD96E}.Release|Any CPU.Build.0 = Release|Any CPU
		{CDCD0ED2-47DB-43FD-A8A1-082E046CD96E}.Release|x64.ActiveCfg = Release|Any CPU
		{CDCD0ED2-47DB-43FD-A8A1-082E046CD96E}.Release|x64.Build.0 = Release|Any CPU
		{CDCD0ED2-47DB-43FD-A8A1-082E046CD96E}.Release|x86.ActiveCfg = Release|Any CPU
		{CDCD0ED2-47DB-43FD-A8A1-082E046CD96E}.Release|x86.Build.0 = Release|Any CPU
		{EADA79DB-9EE5-41C9-A4B6-8CB2C6D41A62}.Debug|Any CPU.ActiveCfg = Debug|Any CPU
		{EADA79DB-9EE5-41C9-A4B6-8CB2C6D41A62}.Debug|Any CPU.Build.0 = Debug|Any CPU
		{EADA79DB-9EE5-41C9-A4B6-8CB2C6D41A62}.Debug|x64.ActiveCfg = Debug|Any CPU
		{EADA79DB-9EE5-41C9-A4B6-8CB2C6D41A62}.Debug|x64.Build.0 = Debug|Any CPU
		{EADA79DB-9EE5-41C9-A4B6-8CB2C6D41A62}.Debug|x86.ActiveCfg = Debug|Any CPU
		{EADA79DB-9EE5-41C9-A4B6-8CB2C6D41A62}.Debug|x86.Build.0 = Debug|Any CPU
		{EADA79DB-9EE5-41C9-A4B6-8CB2C6D41A62}.Release|Any CPU.ActiveCfg = Release|Any CPU
		{EADA79DB-9EE5-41C9-A4B6-8CB2C6D41A62}.Release|Any CPU.Build.0 = Release|Any CPU
		{EADA79DB-9EE5-41C9-A4B6-8CB2C6D41A62}.Release|x64.ActiveCfg = Release|Any CPU
		{EADA79DB-9EE5-41C9-A4B6-8CB2C6D41A62}.Release|x64.Build.0 = Release|Any CPU
		{EADA79DB-9EE5-41C9-A4B6-8CB2C6D41A62}.Release|x86.ActiveCfg = Release|Any CPU
		{EADA79DB-9EE5-41C9-A4B6-8CB2C6D41A62}.Release|x86.Build.0 = Release|Any CPU
		{159E4760-4B9D-42E4-A416-CBC207582B5B}.Debug|Any CPU.ActiveCfg = Debug|Any CPU
		{159E4760-4B9D-42E4-A416-CBC207582B5B}.Debug|Any CPU.Build.0 = Debug|Any CPU
		{159E4760-4B9D-42E4-A416-CBC207582B5B}.Debug|x64.ActiveCfg = Debug|Any CPU
		{159E4760-4B9D-42E4-A416-CBC207582B5B}.Debug|x64.Build.0 = Debug|Any CPU
		{159E4760-4B9D-42E4-A416-CBC207582B5B}.Debug|x86.ActiveCfg = Debug|Any CPU
		{159E4760-4B9D-42E4-A416-CBC207582B5B}.Debug|x86.Build.0 = Debug|Any CPU
		{159E4760-4B9D-42E4-A416-CBC207582B5B}.Release|Any CPU.ActiveCfg = Release|Any CPU
		{159E4760-4B9D-42E4-A416-CBC207582B5B}.Release|Any CPU.Build.0 = Release|Any CPU
		{159E4760-4B9D-42E4-A416-CBC207582B5B}.Release|x64.ActiveCfg = Release|Any CPU
		{159E4760-4B9D-42E4-A416-CBC207582B5B}.Release|x64.Build.0 = Release|Any CPU
		{159E4760-4B9D-42E4-A416-CBC207582B5B}.Release|x86.ActiveCfg = Release|Any CPU
		{159E4760-4B9D-42E4-A416-CBC207582B5B}.Release|x86.Build.0 = Release|Any CPU
		{FE144C15-DD05-4CD0-B4F5-B62E61C9ED9D}.Debug|Any CPU.ActiveCfg = Debug|Any CPU
		{FE144C15-DD05-4CD0-B4F5-B62E61C9ED9D}.Debug|Any CPU.Build.0 = Debug|Any CPU
		{FE144C15-DD05-4CD0-B4F5-B62E61C9ED9D}.Debug|x64.ActiveCfg = Debug|Any CPU
		{FE144C15-DD05-4CD0-B4F5-B62E61C9ED9D}.Debug|x64.Build.0 = Debug|Any CPU
		{FE144C15-DD05-4CD0-B4F5-B62E61C9ED9D}.Debug|x86.ActiveCfg = Debug|Any CPU
		{FE144C15-DD05-4CD0-B4F5-B62E61C9ED9D}.Debug|x86.Build.0 = Debug|Any CPU
		{FE144C15-DD05-4CD0-B4F5-B62E61C9ED9D}.Release|Any CPU.ActiveCfg = Release|Any CPU
		{FE144C15-DD05-4CD0-B4F5-B62E61C9ED9D}.Release|Any CPU.Build.0 = Release|Any CPU
		{FE144C15-DD05-4CD0-B4F5-B62E61C9ED9D}.Release|x64.ActiveCfg = Release|Any CPU
		{FE144C15-DD05-4CD0-B4F5-B62E61C9ED9D}.Release|x64.Build.0 = Release|Any CPU
		{FE144C15-DD05-4CD0-B4F5-B62E61C9ED9D}.Release|x86.ActiveCfg = Release|Any CPU
		{FE144C15-DD05-4CD0-B4F5-B62E61C9ED9D}.Release|x86.Build.0 = Release|Any CPU
		{7A73A233-6A8F-4531-A1A4-39B46898CC52}.Debug|Any CPU.ActiveCfg = Debug|Any CPU
		{7A73A233-6A8F-4531-A1A4-39B46898CC52}.Debug|Any CPU.Build.0 = Debug|Any CPU
		{7A73A233-6A8F-4531-A1A4-39B46898CC52}.Debug|x64.ActiveCfg = Debug|Any CPU
		{7A73A233-6A8F-4531-A1A4-39B46898CC52}.Debug|x64.Build.0 = Debug|Any CPU
		{7A73A233-6A8F-4531-A1A4-39B46898CC52}.Debug|x86.ActiveCfg = Debug|Any CPU
		{7A73A233-6A8F-4531-A1A4-39B46898CC52}.Debug|x86.Build.0 = Debug|Any CPU
		{7A73A233-6A8F-4531-A1A4-39B46898CC52}.Release|Any CPU.ActiveCfg = Release|Any CPU
		{7A73A233-6A8F-4531-A1A4-39B46898CC52}.Release|Any CPU.Build.0 = Release|Any CPU
		{7A73A233-6A8F-4531-A1A4-39B46898CC52}.Release|x64.ActiveCfg = Release|Any CPU
		{7A73A233-6A8F-4531-A1A4-39B46898CC52}.Release|x64.Build.0 = Release|Any CPU
		{7A73A233-6A8F-4531-A1A4-39B46898CC52}.Release|x86.ActiveCfg = Release|Any CPU
		{7A73A233-6A8F-4531-A1A4-39B46898CC52}.Release|x86.Build.0 = Release|Any CPU
		{A3F8ED20-154D-4A9A-AC92-1793615C6383}.Debug|Any CPU.ActiveCfg = Debug|Any CPU
		{A3F8ED20-154D-4A9A-AC92-1793615C6383}.Debug|Any CPU.Build.0 = Debug|Any CPU
		{A3F8ED20-154D-4A9A-AC92-1793615C6383}.Debug|x64.ActiveCfg = Debug|Any CPU
		{A3F8ED20-154D-4A9A-AC92-1793615C6383}.Debug|x64.Build.0 = Debug|Any CPU
		{A3F8ED20-154D-4A9A-AC92-1793615C6383}.Debug|x86.ActiveCfg = Debug|Any CPU
		{A3F8ED20-154D-4A9A-AC92-1793615C6383}.Debug|x86.Build.0 = Debug|Any CPU
		{A3F8ED20-154D-4A9A-AC92-1793615C6383}.Release|Any CPU.ActiveCfg = Release|Any CPU
		{A3F8ED20-154D-4A9A-AC92-1793615C6383}.Release|Any CPU.Build.0 = Release|Any CPU
		{A3F8ED20-154D-4A9A-AC92-1793615C6383}.Release|x64.ActiveCfg = Release|Any CPU
		{A3F8ED20-154D-4A9A-AC92-1793615C6383}.Release|x64.Build.0 = Release|Any CPU
		{A3F8ED20-154D-4A9A-AC92-1793615C6383}.Release|x86.ActiveCfg = Release|Any CPU
		{A3F8ED20-154D-4A9A-AC92-1793615C6383}.Release|x86.Build.0 = Release|Any CPU
		{9BE5CC3D-0CDC-4D6B-A9F7-893879F9DDAF}.Debug|Any CPU.ActiveCfg = Debug|Any CPU
		{9BE5CC3D-0CDC-4D6B-A9F7-893879F9DDAF}.Debug|Any CPU.Build.0 = Debug|Any CPU
		{9BE5CC3D-0CDC-4D6B-A9F7-893879F9DDAF}.Debug|x64.ActiveCfg = Debug|Any CPU
		{9BE5CC3D-0CDC-4D6B-A9F7-893879F9DDAF}.Debug|x64.Build.0 = Debug|Any CPU
		{9BE5CC3D-0CDC-4D6B-A9F7-893879F9DDAF}.Debug|x86.ActiveCfg = Debug|Any CPU
		{9BE5CC3D-0CDC-4D6B-A9F7-893879F9DDAF}.Debug|x86.Build.0 = Debug|Any CPU
		{9BE5CC3D-0CDC-4D6B-A9F7-893879F9DDAF}.Release|Any CPU.ActiveCfg = Release|Any CPU
		{9BE5CC3D-0CDC-4D6B-A9F7-893879F9DDAF}.Release|Any CPU.Build.0 = Release|Any CPU
		{9BE5CC3D-0CDC-4D6B-A9F7-893879F9DDAF}.Release|x64.ActiveCfg = Release|Any CPU
		{9BE5CC3D-0CDC-4D6B-A9F7-893879F9DDAF}.Release|x64.Build.0 = Release|Any CPU
		{9BE5CC3D-0CDC-4D6B-A9F7-893879F9DDAF}.Release|x86.ActiveCfg = Release|Any CPU
		{9BE5CC3D-0CDC-4D6B-A9F7-893879F9DDAF}.Release|x86.Build.0 = Release|Any CPU
		{01DCB3B8-ECAC-4F3B-98E1-4E6BF1501C46}.Debug|Any CPU.ActiveCfg = Debug|Any CPU
		{01DCB3B8-ECAC-4F3B-98E1-4E6BF1501C46}.Debug|Any CPU.Build.0 = Debug|Any CPU
		{01DCB3B8-ECAC-4F3B-98E1-4E6BF1501C46}.Debug|x64.ActiveCfg = Debug|Any CPU
		{01DCB3B8-ECAC-4F3B-98E1-4E6BF1501C46}.Debug|x64.Build.0 = Debug|Any CPU
		{01DCB3B8-ECAC-4F3B-98E1-4E6BF1501C46}.Debug|x86.ActiveCfg = Debug|Any CPU
		{01DCB3B8-ECAC-4F3B-98E1-4E6BF1501C46}.Debug|x86.Build.0 = Debug|Any CPU
		{01DCB3B8-ECAC-4F3B-98E1-4E6BF1501C46}.Release|Any CPU.ActiveCfg = Release|Any CPU
		{01DCB3B8-ECAC-4F3B-98E1-4E6BF1501C46}.Release|Any CPU.Build.0 = Release|Any CPU
		{01DCB3B8-ECAC-4F3B-98E1-4E6BF1501C46}.Release|x64.ActiveCfg = Release|Any CPU
		{01DCB3B8-ECAC-4F3B-98E1-4E6BF1501C46}.Release|x64.Build.0 = Release|Any CPU
		{01DCB3B8-ECAC-4F3B-98E1-4E6BF1501C46}.Release|x86.ActiveCfg = Release|Any CPU
		{01DCB3B8-ECAC-4F3B-98E1-4E6BF1501C46}.Release|x86.Build.0 = Release|Any CPU
		{46DFC96A-D8F3-4FED-B77C-735DB635660B}.Debug|Any CPU.ActiveCfg = Debug|Any CPU
		{46DFC96A-D8F3-4FED-B77C-735DB635660B}.Debug|Any CPU.Build.0 = Debug|Any CPU
		{46DFC96A-D8F3-4FED-B77C-735DB635660B}.Debug|x64.ActiveCfg = Debug|Any CPU
		{46DFC96A-D8F3-4FED-B77C-735DB635660B}.Debug|x64.Build.0 = Debug|Any CPU
		{46DFC96A-D8F3-4FED-B77C-735DB635660B}.Debug|x86.ActiveCfg = Debug|Any CPU
		{46DFC96A-D8F3-4FED-B77C-735DB635660B}.Debug|x86.Build.0 = Debug|Any CPU
		{46DFC96A-D8F3-4FED-B77C-735DB635660B}.Release|Any CPU.ActiveCfg = Release|Any CPU
		{46DFC96A-D8F3-4FED-B77C-735DB635660B}.Release|Any CPU.Build.0 = Release|Any CPU
		{46DFC96A-D8F3-4FED-B77C-735DB635660B}.Release|x64.ActiveCfg = Release|Any CPU
		{46DFC96A-D8F3-4FED-B77C-735DB635660B}.Release|x64.Build.0 = Release|Any CPU
		{46DFC96A-D8F3-4FED-B77C-735DB635660B}.Release|x86.ActiveCfg = Release|Any CPU
		{46DFC96A-D8F3-4FED-B77C-735DB635660B}.Release|x86.Build.0 = Release|Any CPU
		{62D16393-C0B0-4900-BCAC-32E8912ED55C}.Debug|Any CPU.ActiveCfg = Debug|Any CPU
		{62D16393-C0B0-4900-BCAC-32E8912ED55C}.Debug|Any CPU.Build.0 = Debug|Any CPU
		{62D16393-C0B0-4900-BCAC-32E8912ED55C}.Debug|x64.ActiveCfg = Debug|Any CPU
		{62D16393-C0B0-4900-BCAC-32E8912ED55C}.Debug|x64.Build.0 = Debug|Any CPU
		{62D16393-C0B0-4900-BCAC-32E8912ED55C}.Debug|x86.ActiveCfg = Debug|Any CPU
		{62D16393-C0B0-4900-BCAC-32E8912ED55C}.Debug|x86.Build.0 = Debug|Any CPU
		{62D16393-C0B0-4900-BCAC-32E8912ED55C}.Release|Any CPU.ActiveCfg = Release|Any CPU
		{62D16393-C0B0-4900-BCAC-32E8912ED55C}.Release|Any CPU.Build.0 = Release|Any CPU
		{62D16393-C0B0-4900-BCAC-32E8912ED55C}.Release|x64.ActiveCfg = Release|Any CPU
		{62D16393-C0B0-4900-BCAC-32E8912ED55C}.Release|x64.Build.0 = Release|Any CPU
		{62D16393-C0B0-4900-BCAC-32E8912ED55C}.Release|x86.ActiveCfg = Release|Any CPU
		{62D16393-C0B0-4900-BCAC-32E8912ED55C}.Release|x86.Build.0 = Release|Any CPU
		{9DE12100-9724-435F-A76C-DD2EE915D32F}.Debug|Any CPU.ActiveCfg = Debug|Any CPU
		{9DE12100-9724-435F-A76C-DD2EE915D32F}.Debug|Any CPU.Build.0 = Debug|Any CPU
		{9DE12100-9724-435F-A76C-DD2EE915D32F}.Debug|x64.ActiveCfg = Debug|Any CPU
		{9DE12100-9724-435F-A76C-DD2EE915D32F}.Debug|x64.Build.0 = Debug|Any CPU
		{9DE12100-9724-435F-A76C-DD2EE915D32F}.Debug|x86.ActiveCfg = Debug|Any CPU
		{9DE12100-9724-435F-A76C-DD2EE915D32F}.Debug|x86.Build.0 = Debug|Any CPU
		{9DE12100-9724-435F-A76C-DD2EE915D32F}.Release|Any CPU.ActiveCfg = Release|Any CPU
		{9DE12100-9724-435F-A76C-DD2EE915D32F}.Release|Any CPU.Build.0 = Release|Any CPU
		{9DE12100-9724-435F-A76C-DD2EE915D32F}.Release|x64.ActiveCfg = Release|Any CPU
		{9DE12100-9724-435F-A76C-DD2EE915D32F}.Release|x64.Build.0 = Release|Any CPU
		{9DE12100-9724-435F-A76C-DD2EE915D32F}.Release|x86.ActiveCfg = Release|Any CPU
		{9DE12100-9724-435F-A76C-DD2EE915D32F}.Release|x86.Build.0 = Release|Any CPU
		{9E75D05A-54B0-4F94-84B0-18C7BA70BF01}.Debug|Any CPU.ActiveCfg = Debug|Any CPU
		{9E75D05A-54B0-4F94-84B0-18C7BA70BF01}.Debug|Any CPU.Build.0 = Debug|Any CPU
		{9E75D05A-54B0-4F94-84B0-18C7BA70BF01}.Debug|x64.ActiveCfg = Debug|Any CPU
		{9E75D05A-54B0-4F94-84B0-18C7BA70BF01}.Debug|x64.Build.0 = Debug|Any CPU
		{9E75D05A-54B0-4F94-84B0-18C7BA70BF01}.Debug|x86.ActiveCfg = Debug|Any CPU
		{9E75D05A-54B0-4F94-84B0-18C7BA70BF01}.Debug|x86.Build.0 = Debug|Any CPU
		{9E75D05A-54B0-4F94-84B0-18C7BA70BF01}.Release|Any CPU.ActiveCfg = Release|Any CPU
		{9E75D05A-54B0-4F94-84B0-18C7BA70BF01}.Release|Any CPU.Build.0 = Release|Any CPU
		{9E75D05A-54B0-4F94-84B0-18C7BA70BF01}.Release|x64.ActiveCfg = Release|Any CPU
		{9E75D05A-54B0-4F94-84B0-18C7BA70BF01}.Release|x64.Build.0 = Release|Any CPU
		{9E75D05A-54B0-4F94-84B0-18C7BA70BF01}.Release|x86.ActiveCfg = Release|Any CPU
		{9E75D05A-54B0-4F94-84B0-18C7BA70BF01}.Release|x86.Build.0 = Release|Any CPU
		{7BD6CDEC-BA13-4FB2-AA03-0C2ED9D1732F}.Debug|Any CPU.ActiveCfg = Debug|Any CPU
		{7BD6CDEC-BA13-4FB2-AA03-0C2ED9D1732F}.Debug|Any CPU.Build.0 = Debug|Any CPU
		{7BD6CDEC-BA13-4FB2-AA03-0C2ED9D1732F}.Debug|x64.ActiveCfg = Debug|Any CPU
		{7BD6CDEC-BA13-4FB2-AA03-0C2ED9D1732F}.Debug|x64.Build.0 = Debug|Any CPU
		{7BD6CDEC-BA13-4FB2-AA03-0C2ED9D1732F}.Debug|x86.ActiveCfg = Debug|Any CPU
		{7BD6CDEC-BA13-4FB2-AA03-0C2ED9D1732F}.Debug|x86.Build.0 = Debug|Any CPU
		{7BD6CDEC-BA13-4FB2-AA03-0C2ED9D1732F}.Release|Any CPU.ActiveCfg = Release|Any CPU
		{7BD6CDEC-BA13-4FB2-AA03-0C2ED9D1732F}.Release|Any CPU.Build.0 = Release|Any CPU
		{7BD6CDEC-BA13-4FB2-AA03-0C2ED9D1732F}.Release|x64.ActiveCfg = Release|Any CPU
		{7BD6CDEC-BA13-4FB2-AA03-0C2ED9D1732F}.Release|x64.Build.0 = Release|Any CPU
		{7BD6CDEC-BA13-4FB2-AA03-0C2ED9D1732F}.Release|x86.ActiveCfg = Release|Any CPU
		{7BD6CDEC-BA13-4FB2-AA03-0C2ED9D1732F}.Release|x86.Build.0 = Release|Any CPU
		{0B55510F-F9AA-485C-A6F0-FA8A5771D320}.Debug|Any CPU.ActiveCfg = Debug|Any CPU
		{0B55510F-F9AA-485C-A6F0-FA8A5771D320}.Debug|Any CPU.Build.0 = Debug|Any CPU
		{0B55510F-F9AA-485C-A6F0-FA8A5771D320}.Debug|x64.ActiveCfg = Debug|Any CPU
		{0B55510F-F9AA-485C-A6F0-FA8A5771D320}.Debug|x64.Build.0 = Debug|Any CPU
		{0B55510F-F9AA-485C-A6F0-FA8A5771D320}.Debug|x86.ActiveCfg = Debug|Any CPU
		{0B55510F-F9AA-485C-A6F0-FA8A5771D320}.Debug|x86.Build.0 = Debug|Any CPU
		{0B55510F-F9AA-485C-A6F0-FA8A5771D320}.Release|Any CPU.ActiveCfg = Release|Any CPU
		{0B55510F-F9AA-485C-A6F0-FA8A5771D320}.Release|Any CPU.Build.0 = Release|Any CPU
		{0B55510F-F9AA-485C-A6F0-FA8A5771D320}.Release|x64.ActiveCfg = Release|Any CPU
		{0B55510F-F9AA-485C-A6F0-FA8A5771D320}.Release|x64.Build.0 = Release|Any CPU
		{0B55510F-F9AA-485C-A6F0-FA8A5771D320}.Release|x86.ActiveCfg = Release|Any CPU
		{0B55510F-F9AA-485C-A6F0-FA8A5771D320}.Release|x86.Build.0 = Release|Any CPU
		{DAE301F0-F365-43B0-8FEA-F2DECE95DE90}.Debug|Any CPU.ActiveCfg = Debug|Any CPU
		{DAE301F0-F365-43B0-8FEA-F2DECE95DE90}.Debug|Any CPU.Build.0 = Debug|Any CPU
		{DAE301F0-F365-43B0-8FEA-F2DECE95DE90}.Debug|x64.ActiveCfg = Debug|Any CPU
		{DAE301F0-F365-43B0-8FEA-F2DECE95DE90}.Debug|x64.Build.0 = Debug|Any CPU
		{DAE301F0-F365-43B0-8FEA-F2DECE95DE90}.Debug|x86.ActiveCfg = Debug|Any CPU
		{DAE301F0-F365-43B0-8FEA-F2DECE95DE90}.Debug|x86.Build.0 = Debug|Any CPU
		{DAE301F0-F365-43B0-8FEA-F2DECE95DE90}.Release|Any CPU.ActiveCfg = Release|Any CPU
		{DAE301F0-F365-43B0-8FEA-F2DECE95DE90}.Release|Any CPU.Build.0 = Release|Any CPU
		{DAE301F0-F365-43B0-8FEA-F2DECE95DE90}.Release|x64.ActiveCfg = Release|Any CPU
		{DAE301F0-F365-43B0-8FEA-F2DECE95DE90}.Release|x64.Build.0 = Release|Any CPU
		{DAE301F0-F365-43B0-8FEA-F2DECE95DE90}.Release|x86.ActiveCfg = Release|Any CPU
		{DAE301F0-F365-43B0-8FEA-F2DECE95DE90}.Release|x86.Build.0 = Release|Any CPU
		{0CB713EF-448B-4060-87C2-DD96B4EB0B1B}.Debug|Any CPU.ActiveCfg = Debug|Any CPU
		{0CB713EF-448B-4060-87C2-DD96B4EB0B1B}.Debug|Any CPU.Build.0 = Debug|Any CPU
		{0CB713EF-448B-4060-87C2-DD96B4EB0B1B}.Debug|x64.ActiveCfg = Debug|Any CPU
		{0CB713EF-448B-4060-87C2-DD96B4EB0B1B}.Debug|x64.Build.0 = Debug|Any CPU
		{0CB713EF-448B-4060-87C2-DD96B4EB0B1B}.Debug|x86.ActiveCfg = Debug|Any CPU
		{0CB713EF-448B-4060-87C2-DD96B4EB0B1B}.Debug|x86.Build.0 = Debug|Any CPU
		{0CB713EF-448B-4060-87C2-DD96B4EB0B1B}.Release|Any CPU.ActiveCfg = Release|Any CPU
		{0CB713EF-448B-4060-87C2-DD96B4EB0B1B}.Release|Any CPU.Build.0 = Release|Any CPU
		{0CB713EF-448B-4060-87C2-DD96B4EB0B1B}.Release|x64.ActiveCfg = Release|Any CPU
		{0CB713EF-448B-4060-87C2-DD96B4EB0B1B}.Release|x64.Build.0 = Release|Any CPU
		{0CB713EF-448B-4060-87C2-DD96B4EB0B1B}.Release|x86.ActiveCfg = Release|Any CPU
		{0CB713EF-448B-4060-87C2-DD96B4EB0B1B}.Release|x86.Build.0 = Release|Any CPU
		{EE113E4C-CE20-41DB-A999-78A634D8CDA6}.Debug|Any CPU.ActiveCfg = Debug|Any CPU
		{EE113E4C-CE20-41DB-A999-78A634D8CDA6}.Debug|Any CPU.Build.0 = Debug|Any CPU
		{EE113E4C-CE20-41DB-A999-78A634D8CDA6}.Debug|x64.ActiveCfg = Debug|Any CPU
		{EE113E4C-CE20-41DB-A999-78A634D8CDA6}.Debug|x64.Build.0 = Debug|Any CPU
		{EE113E4C-CE20-41DB-A999-78A634D8CDA6}.Debug|x86.ActiveCfg = Debug|Any CPU
		{EE113E4C-CE20-41DB-A999-78A634D8CDA6}.Debug|x86.Build.0 = Debug|Any CPU
		{EE113E4C-CE20-41DB-A999-78A634D8CDA6}.Release|Any CPU.ActiveCfg = Release|Any CPU
		{EE113E4C-CE20-41DB-A999-78A634D8CDA6}.Release|Any CPU.Build.0 = Release|Any CPU
		{EE113E4C-CE20-41DB-A999-78A634D8CDA6}.Release|x64.ActiveCfg = Release|Any CPU
		{EE113E4C-CE20-41DB-A999-78A634D8CDA6}.Release|x64.Build.0 = Release|Any CPU
		{EE113E4C-CE20-41DB-A999-78A634D8CDA6}.Release|x86.ActiveCfg = Release|Any CPU
		{EE113E4C-CE20-41DB-A999-78A634D8CDA6}.Release|x86.Build.0 = Release|Any CPU
		{58999A9D-7A1C-41B4-AB9C-F1ED017A800E}.Debug|Any CPU.ActiveCfg = Debug|Any CPU
		{58999A9D-7A1C-41B4-AB9C-F1ED017A800E}.Debug|Any CPU.Build.0 = Debug|Any CPU
		{58999A9D-7A1C-41B4-AB9C-F1ED017A800E}.Debug|x64.ActiveCfg = Debug|Any CPU
		{58999A9D-7A1C-41B4-AB9C-F1ED017A800E}.Debug|x64.Build.0 = Debug|Any CPU
		{58999A9D-7A1C-41B4-AB9C-F1ED017A800E}.Debug|x86.ActiveCfg = Debug|Any CPU
		{58999A9D-7A1C-41B4-AB9C-F1ED017A800E}.Debug|x86.Build.0 = Debug|Any CPU
		{58999A9D-7A1C-41B4-AB9C-F1ED017A800E}.Release|Any CPU.ActiveCfg = Release|Any CPU
		{58999A9D-7A1C-41B4-AB9C-F1ED017A800E}.Release|Any CPU.Build.0 = Release|Any CPU
		{58999A9D-7A1C-41B4-AB9C-F1ED017A800E}.Release|x64.ActiveCfg = Release|Any CPU
		{58999A9D-7A1C-41B4-AB9C-F1ED017A800E}.Release|x64.Build.0 = Release|Any CPU
		{58999A9D-7A1C-41B4-AB9C-F1ED017A800E}.Release|x86.ActiveCfg = Release|Any CPU
		{58999A9D-7A1C-41B4-AB9C-F1ED017A800E}.Release|x86.Build.0 = Release|Any CPU
		{2829B719-A16F-420B-BD27-1890AD228A96}.Debug|Any CPU.ActiveCfg = Debug|Any CPU
		{2829B719-A16F-420B-BD27-1890AD228A96}.Debug|Any CPU.Build.0 = Debug|Any CPU
		{2829B719-A16F-420B-BD27-1890AD228A96}.Debug|x64.ActiveCfg = Debug|Any CPU
		{2829B719-A16F-420B-BD27-1890AD228A96}.Debug|x64.Build.0 = Debug|Any CPU
		{2829B719-A16F-420B-BD27-1890AD228A96}.Debug|x86.ActiveCfg = Debug|Any CPU
		{2829B719-A16F-420B-BD27-1890AD228A96}.Debug|x86.Build.0 = Debug|Any CPU
		{2829B719-A16F-420B-BD27-1890AD228A96}.Release|Any CPU.ActiveCfg = Release|Any CPU
		{2829B719-A16F-420B-BD27-1890AD228A96}.Release|Any CPU.Build.0 = Release|Any CPU
		{2829B719-A16F-420B-BD27-1890AD228A96}.Release|x64.ActiveCfg = Release|Any CPU
		{2829B719-A16F-420B-BD27-1890AD228A96}.Release|x64.Build.0 = Release|Any CPU
		{2829B719-A16F-420B-BD27-1890AD228A96}.Release|x86.ActiveCfg = Release|Any CPU
		{2829B719-A16F-420B-BD27-1890AD228A96}.Release|x86.Build.0 = Release|Any CPU
		{3DE82D7E-DECB-4BE2-A10D-7124BA3213CE}.Debug|Any CPU.ActiveCfg = Debug|Any CPU
		{3DE82D7E-DECB-4BE2-A10D-7124BA3213CE}.Debug|Any CPU.Build.0 = Debug|Any CPU
		{3DE82D7E-DECB-4BE2-A10D-7124BA3213CE}.Debug|x64.ActiveCfg = Debug|Any CPU
		{3DE82D7E-DECB-4BE2-A10D-7124BA3213CE}.Debug|x64.Build.0 = Debug|Any CPU
		{3DE82D7E-DECB-4BE2-A10D-7124BA3213CE}.Debug|x86.ActiveCfg = Debug|Any CPU
		{3DE82D7E-DECB-4BE2-A10D-7124BA3213CE}.Debug|x86.Build.0 = Debug|Any CPU
		{3DE82D7E-DECB-4BE2-A10D-7124BA3213CE}.Release|Any CPU.ActiveCfg = Release|Any CPU
		{3DE82D7E-DECB-4BE2-A10D-7124BA3213CE}.Release|Any CPU.Build.0 = Release|Any CPU
		{3DE82D7E-DECB-4BE2-A10D-7124BA3213CE}.Release|x64.ActiveCfg = Release|Any CPU
		{3DE82D7E-DECB-4BE2-A10D-7124BA3213CE}.Release|x64.Build.0 = Release|Any CPU
		{3DE82D7E-DECB-4BE2-A10D-7124BA3213CE}.Release|x86.ActiveCfg = Release|Any CPU
		{3DE82D7E-DECB-4BE2-A10D-7124BA3213CE}.Release|x86.Build.0 = Release|Any CPU
		{28FCC3DA-90CF-438B-A369-85B0D6696E9E}.Debug|Any CPU.ActiveCfg = Debug|Any CPU
		{28FCC3DA-90CF-438B-A369-85B0D6696E9E}.Debug|Any CPU.Build.0 = Debug|Any CPU
		{28FCC3DA-90CF-438B-A369-85B0D6696E9E}.Debug|x64.ActiveCfg = Debug|Any CPU
		{28FCC3DA-90CF-438B-A369-85B0D6696E9E}.Debug|x64.Build.0 = Debug|Any CPU
		{28FCC3DA-90CF-438B-A369-85B0D6696E9E}.Debug|x86.ActiveCfg = Debug|Any CPU
		{28FCC3DA-90CF-438B-A369-85B0D6696E9E}.Debug|x86.Build.0 = Debug|Any CPU
		{28FCC3DA-90CF-438B-A369-85B0D6696E9E}.Release|Any CPU.ActiveCfg = Release|Any CPU
		{28FCC3DA-90CF-438B-A369-85B0D6696E9E}.Release|Any CPU.Build.0 = Release|Any CPU
		{28FCC3DA-90CF-438B-A369-85B0D6696E9E}.Release|x64.ActiveCfg = Release|Any CPU
		{28FCC3DA-90CF-438B-A369-85B0D6696E9E}.Release|x64.Build.0 = Release|Any CPU
		{28FCC3DA-90CF-438B-A369-85B0D6696E9E}.Release|x86.ActiveCfg = Release|Any CPU
		{28FCC3DA-90CF-438B-A369-85B0D6696E9E}.Release|x86.Build.0 = Release|Any CPU
		{2051D7E7-5D9B-4B50-AAE6-B1E087B6EA66}.Debug|Any CPU.ActiveCfg = Debug|Any CPU
		{2051D7E7-5D9B-4B50-AAE6-B1E087B6EA66}.Debug|Any CPU.Build.0 = Debug|Any CPU
		{2051D7E7-5D9B-4B50-AAE6-B1E087B6EA66}.Debug|x64.ActiveCfg = Debug|Any CPU
		{2051D7E7-5D9B-4B50-AAE6-B1E087B6EA66}.Debug|x64.Build.0 = Debug|Any CPU
		{2051D7E7-5D9B-4B50-AAE6-B1E087B6EA66}.Debug|x86.ActiveCfg = Debug|Any CPU
		{2051D7E7-5D9B-4B50-AAE6-B1E087B6EA66}.Debug|x86.Build.0 = Debug|Any CPU
		{2051D7E7-5D9B-4B50-AAE6-B1E087B6EA66}.Release|Any CPU.ActiveCfg = Release|Any CPU
		{2051D7E7-5D9B-4B50-AAE6-B1E087B6EA66}.Release|Any CPU.Build.0 = Release|Any CPU
		{2051D7E7-5D9B-4B50-AAE6-B1E087B6EA66}.Release|x64.ActiveCfg = Release|Any CPU
		{2051D7E7-5D9B-4B50-AAE6-B1E087B6EA66}.Release|x64.Build.0 = Release|Any CPU
		{2051D7E7-5D9B-4B50-AAE6-B1E087B6EA66}.Release|x86.ActiveCfg = Release|Any CPU
		{2051D7E7-5D9B-4B50-AAE6-B1E087B6EA66}.Release|x86.Build.0 = Release|Any CPU
		{F6E0C4C2-EA10-4817-8301-6476D1CFA1CB}.Debug|Any CPU.ActiveCfg = Debug|Any CPU
		{F6E0C4C2-EA10-4817-8301-6476D1CFA1CB}.Debug|Any CPU.Build.0 = Debug|Any CPU
		{F6E0C4C2-EA10-4817-8301-6476D1CFA1CB}.Debug|x64.ActiveCfg = Debug|Any CPU
		{F6E0C4C2-EA10-4817-8301-6476D1CFA1CB}.Debug|x64.Build.0 = Debug|Any CPU
		{F6E0C4C2-EA10-4817-8301-6476D1CFA1CB}.Debug|x86.ActiveCfg = Debug|Any CPU
		{F6E0C4C2-EA10-4817-8301-6476D1CFA1CB}.Debug|x86.Build.0 = Debug|Any CPU
		{F6E0C4C2-EA10-4817-8301-6476D1CFA1CB}.Release|Any CPU.ActiveCfg = Release|Any CPU
		{F6E0C4C2-EA10-4817-8301-6476D1CFA1CB}.Release|Any CPU.Build.0 = Release|Any CPU
		{F6E0C4C2-EA10-4817-8301-6476D1CFA1CB}.Release|x64.ActiveCfg = Release|Any CPU
		{F6E0C4C2-EA10-4817-8301-6476D1CFA1CB}.Release|x64.Build.0 = Release|Any CPU
		{F6E0C4C2-EA10-4817-8301-6476D1CFA1CB}.Release|x86.ActiveCfg = Release|Any CPU
		{F6E0C4C2-EA10-4817-8301-6476D1CFA1CB}.Release|x86.Build.0 = Release|Any CPU
		{06E04D66-EA32-41F0-9A00-EEA8C1E5B144}.Debug|Any CPU.ActiveCfg = Debug|Any CPU
		{06E04D66-EA32-41F0-9A00-EEA8C1E5B144}.Debug|Any CPU.Build.0 = Debug|Any CPU
		{06E04D66-EA32-41F0-9A00-EEA8C1E5B144}.Debug|x64.ActiveCfg = Debug|Any CPU
		{06E04D66-EA32-41F0-9A00-EEA8C1E5B144}.Debug|x64.Build.0 = Debug|Any CPU
		{06E04D66-EA32-41F0-9A00-EEA8C1E5B144}.Debug|x86.ActiveCfg = Debug|Any CPU
		{06E04D66-EA32-41F0-9A00-EEA8C1E5B144}.Debug|x86.Build.0 = Debug|Any CPU
		{06E04D66-EA32-41F0-9A00-EEA8C1E5B144}.Release|Any CPU.ActiveCfg = Release|Any CPU
		{06E04D66-EA32-41F0-9A00-EEA8C1E5B144}.Release|Any CPU.Build.0 = Release|Any CPU
		{06E04D66-EA32-41F0-9A00-EEA8C1E5B144}.Release|x64.ActiveCfg = Release|Any CPU
		{06E04D66-EA32-41F0-9A00-EEA8C1E5B144}.Release|x64.Build.0 = Release|Any CPU
		{06E04D66-EA32-41F0-9A00-EEA8C1E5B144}.Release|x86.ActiveCfg = Release|Any CPU
		{06E04D66-EA32-41F0-9A00-EEA8C1E5B144}.Release|x86.Build.0 = Release|Any CPU
		{2509226D-B6D8-4EE7-861F-B99FCFA10F31}.Debug|Any CPU.ActiveCfg = Debug|Any CPU
		{2509226D-B6D8-4EE7-861F-B99FCFA10F31}.Debug|Any CPU.Build.0 = Debug|Any CPU
		{2509226D-B6D8-4EE7-861F-B99FCFA10F31}.Debug|x64.ActiveCfg = Debug|Any CPU
		{2509226D-B6D8-4EE7-861F-B99FCFA10F31}.Debug|x64.Build.0 = Debug|Any CPU
		{2509226D-B6D8-4EE7-861F-B99FCFA10F31}.Debug|x86.ActiveCfg = Debug|Any CPU
		{2509226D-B6D8-4EE7-861F-B99FCFA10F31}.Debug|x86.Build.0 = Debug|Any CPU
		{2509226D-B6D8-4EE7-861F-B99FCFA10F31}.Release|Any CPU.ActiveCfg = Release|Any CPU
		{2509226D-B6D8-4EE7-861F-B99FCFA10F31}.Release|Any CPU.Build.0 = Release|Any CPU
		{2509226D-B6D8-4EE7-861F-B99FCFA10F31}.Release|x64.ActiveCfg = Release|Any CPU
		{2509226D-B6D8-4EE7-861F-B99FCFA10F31}.Release|x64.Build.0 = Release|Any CPU
		{2509226D-B6D8-4EE7-861F-B99FCFA10F31}.Release|x86.ActiveCfg = Release|Any CPU
		{2509226D-B6D8-4EE7-861F-B99FCFA10F31}.Release|x86.Build.0 = Release|Any CPU
		{9440666C-8539-4140-9A6F-1FA2FB01C458}.Debug|Any CPU.ActiveCfg = Debug|Any CPU
		{9440666C-8539-4140-9A6F-1FA2FB01C458}.Debug|Any CPU.Build.0 = Debug|Any CPU
		{9440666C-8539-4140-9A6F-1FA2FB01C458}.Debug|x64.ActiveCfg = Debug|Any CPU
		{9440666C-8539-4140-9A6F-1FA2FB01C458}.Debug|x64.Build.0 = Debug|Any CPU
		{9440666C-8539-4140-9A6F-1FA2FB01C458}.Debug|x86.ActiveCfg = Debug|Any CPU
		{9440666C-8539-4140-9A6F-1FA2FB01C458}.Debug|x86.Build.0 = Debug|Any CPU
		{9440666C-8539-4140-9A6F-1FA2FB01C458}.Release|Any CPU.ActiveCfg = Release|Any CPU
		{9440666C-8539-4140-9A6F-1FA2FB01C458}.Release|Any CPU.Build.0 = Release|Any CPU
		{9440666C-8539-4140-9A6F-1FA2FB01C458}.Release|x64.ActiveCfg = Release|Any CPU
		{9440666C-8539-4140-9A6F-1FA2FB01C458}.Release|x64.Build.0 = Release|Any CPU
		{9440666C-8539-4140-9A6F-1FA2FB01C458}.Release|x86.ActiveCfg = Release|Any CPU
		{9440666C-8539-4140-9A6F-1FA2FB01C458}.Release|x86.Build.0 = Release|Any CPU
		{819E3254-81FA-4915-8207-380EAF5A885C}.Debug|Any CPU.ActiveCfg = Debug|Any CPU
		{819E3254-81FA-4915-8207-380EAF5A885C}.Debug|Any CPU.Build.0 = Debug|Any CPU
		{819E3254-81FA-4915-8207-380EAF5A885C}.Debug|x64.ActiveCfg = Debug|Any CPU
		{819E3254-81FA-4915-8207-380EAF5A885C}.Debug|x64.Build.0 = Debug|Any CPU
		{819E3254-81FA-4915-8207-380EAF5A885C}.Debug|x86.ActiveCfg = Debug|Any CPU
		{819E3254-81FA-4915-8207-380EAF5A885C}.Debug|x86.Build.0 = Debug|Any CPU
		{819E3254-81FA-4915-8207-380EAF5A885C}.Release|Any CPU.ActiveCfg = Release|Any CPU
		{819E3254-81FA-4915-8207-380EAF5A885C}.Release|Any CPU.Build.0 = Release|Any CPU
		{819E3254-81FA-4915-8207-380EAF5A885C}.Release|x64.ActiveCfg = Release|Any CPU
		{819E3254-81FA-4915-8207-380EAF5A885C}.Release|x64.Build.0 = Release|Any CPU
		{819E3254-81FA-4915-8207-380EAF5A885C}.Release|x86.ActiveCfg = Release|Any CPU
		{819E3254-81FA-4915-8207-380EAF5A885C}.Release|x86.Build.0 = Release|Any CPU
		{2B1B3F66-8F26-403B-BE36-A750513A19EE}.Debug|Any CPU.ActiveCfg = Debug|Any CPU
		{2B1B3F66-8F26-403B-BE36-A750513A19EE}.Debug|Any CPU.Build.0 = Debug|Any CPU
		{2B1B3F66-8F26-403B-BE36-A750513A19EE}.Debug|x64.ActiveCfg = Debug|Any CPU
		{2B1B3F66-8F26-403B-BE36-A750513A19EE}.Debug|x64.Build.0 = Debug|Any CPU
		{2B1B3F66-8F26-403B-BE36-A750513A19EE}.Debug|x86.ActiveCfg = Debug|Any CPU
		{2B1B3F66-8F26-403B-BE36-A750513A19EE}.Debug|x86.Build.0 = Debug|Any CPU
		{2B1B3F66-8F26-403B-BE36-A750513A19EE}.Release|Any CPU.ActiveCfg = Release|Any CPU
		{2B1B3F66-8F26-403B-BE36-A750513A19EE}.Release|Any CPU.Build.0 = Release|Any CPU
		{2B1B3F66-8F26-403B-BE36-A750513A19EE}.Release|x64.ActiveCfg = Release|Any CPU
		{2B1B3F66-8F26-403B-BE36-A750513A19EE}.Release|x64.Build.0 = Release|Any CPU
		{2B1B3F66-8F26-403B-BE36-A750513A19EE}.Release|x86.ActiveCfg = Release|Any CPU
		{2B1B3F66-8F26-403B-BE36-A750513A19EE}.Release|x86.Build.0 = Release|Any CPU
		{D14FD160-C9E7-4C4F-BCAD-E7217CD21AF2}.Debug|Any CPU.ActiveCfg = Debug|Any CPU
		{D14FD160-C9E7-4C4F-BCAD-E7217CD21AF2}.Debug|Any CPU.Build.0 = Debug|Any CPU
		{D14FD160-C9E7-4C4F-BCAD-E7217CD21AF2}.Debug|x64.ActiveCfg = Debug|Any CPU
		{D14FD160-C9E7-4C4F-BCAD-E7217CD21AF2}.Debug|x64.Build.0 = Debug|Any CPU
		{D14FD160-C9E7-4C4F-BCAD-E7217CD21AF2}.Debug|x86.ActiveCfg = Debug|Any CPU
		{D14FD160-C9E7-4C4F-BCAD-E7217CD21AF2}.Debug|x86.Build.0 = Debug|Any CPU
		{D14FD160-C9E7-4C4F-BCAD-E7217CD21AF2}.Release|Any CPU.ActiveCfg = Release|Any CPU
		{D14FD160-C9E7-4C4F-BCAD-E7217CD21AF2}.Release|Any CPU.Build.0 = Release|Any CPU
		{D14FD160-C9E7-4C4F-BCAD-E7217CD21AF2}.Release|x64.ActiveCfg = Release|Any CPU
		{D14FD160-C9E7-4C4F-BCAD-E7217CD21AF2}.Release|x64.Build.0 = Release|Any CPU
		{D14FD160-C9E7-4C4F-BCAD-E7217CD21AF2}.Release|x86.ActiveCfg = Release|Any CPU
		{D14FD160-C9E7-4C4F-BCAD-E7217CD21AF2}.Release|x86.Build.0 = Release|Any CPU
	EndGlobalSection
EndGlobal
